PODS:
  - AFNetworking (2.0.3):
    - AFNetworking/NSURLConnection
    - AFNetworking/NSURLSession
    - AFNetworking/Reachability
    - AFNetworking/Security
    - AFNetworking/Serialization
    - AFNetworking/UIKit
  - AFNetworking/NSURLConnection (2.0.3):
    - AFNetworking/Reachability
    - AFNetworking/Security
    - AFNetworking/Serialization
  - AFNetworking/NSURLSession (2.0.3):
    - AFNetworking/NSURLConnection
  - AFNetworking/Reachability (2.0.3)
  - AFNetworking/Security (2.0.3)
  - AFNetworking/Serialization (2.0.3)
  - AFNetworking/UIKit (2.0.3):
    - AFNetworking/NSURLConnection
  - ALAssetsLibrary-CustomPhotoAlbum (1.1.4)
  - Appirater (2.0.2)
  - BDKNotifyHUD (1.1.0)
  - CSNotificationView (0.3.3)
  - CTAssetsPickerController (1.3.3)
  - DACircularProgress (2.1.0)
  - DCModalSegue (0.0.2)
  - Harpy (2.5.2)
  - IDMPhotoBrowser (1.3.2):
    - AFNetworking (~> 2.0.2)
    - DACircularProgress (~> 2.1.0)
    - SVProgressHUD (~> 1.0)
  - SDWebImage (3.5.2):
    - SDWebImage/Core
  - SDWebImage/Core (3.5.2)
  - SVProgressHUD (1.0)
  - UIPhotoGallery (0.1.2):
    - SDWebImage (~> 3.0)
  - UzysCircularProgressPullToRefresh (1.0.4)

DEPENDENCIES:
  - AFNetworking (~> 2.0)
  - ALAssetsLibrary-CustomPhotoAlbum (~> 1.1.4)
  - Appirater
  - BDKNotifyHUD (~> 1.1.0)
  - CSNotificationView (~> 0.3.3)
  - CTAssetsPickerController (~> 1.3.3)
  - DACircularProgress (~> 2.1.0)
  - DCModalSegue (~> 0.0.2)
  - Harpy
  - IDMPhotoBrowser
  - UIPhotoGallery (~> 0.1.2)
  - UzysCircularProgressPullToRefresh (~> 1.0.4)

SPEC CHECKSUMS:
  AFNetworking: e499052cbf3d743e9bb727bb37adb9dc2547ba15
  ALAssetsLibrary-CustomPhotoAlbum: aed631c845bb5a950c3846780d282465309e16e0
  Appirater: 32fb9089615b5e542c7ad7b5749741a8aed55290
  BDKNotifyHUD: efda37564bafd510dd56b972ea2ad8318a11751c
  CSNotificationView: f14352657afe7255be9fb2446eb99d5914b97b5d
  CTAssetsPickerController: d65272a08dc2b1d48da6e839055c7288bd7d8b7d
  DACircularProgress: 8c8f20c8dffdd647fbf570ddecbc2b1b59da5888
  DCModalSegue: dbec9bde298bdb92c4d15b2e4a10b6f43bc0977e
  Harpy: b992e16082d1ae123f4a135eacfd07a6c6e1feb7
  IDMPhotoBrowser: aee42ff18cdb1bf2f7326631094ad18f236d2ab9
  SDWebImage: fe7ce01ae4e0a884d168f59c9dd82d35baf8429e
  SVProgressHUD: 5e10939a296debf5fe5a5895eda9539b8b2114f1
  UIPhotoGallery: f054e2dae658cf324b7b202d5c5f4b39457dce1c
  UzysCircularProgressPullToRefresh: 6e8a0deaa881bd62615d50cb462c766c0d650f2f

COCOAPODS: 0.29.0
