// !$*UTF8*$!
{
	archiveVersion = 1;
	classes = {
	};
	objectVersion = 46;
	objects = {

/* Begin PBXBuildFile section */
		2A192AF018AD6F810067A173 /* FacebookSDK.framework in Frameworks */ = {isa = PBXBuildFile; fileRef = 2A192AEF18AD6F810067A173 /* FacebookSDK.framework */; };
		2A2BD6C7189E462E00B9F4B5 /* SubaTutorialController.m in Sources */ = {isa = PBXBuildFile; fileRef = 2A2BD6C6189E462E00B9F4B5 /* SubaTutorialController.m */; };
		2A463D691885728E00549C7B /* PhotoStreamViewController.m in Sources */ = {isa = PBXBuildFile; fileRef = 2A463D681885728E00549C7B /* PhotoStreamViewController.m */; };
		2A463D6C1885777600549C7B /* PhotoStreamCell.m in Sources */ = {isa = PBXBuildFile; fileRef = 2A463D6B1885777600549C7B /* PhotoStreamCell.m */; };
		2A504B1D189AB359008E3C40 /* PlacesWatchingViewController.m in Sources */ = {isa = PBXBuildFile; fileRef = 2A504B1C189AB359008E3C40 /* PlacesWatchingViewController.m */; };
		2A504B20189AB8D1008E3C40 /* PlacesWatchingStreamCell.m in Sources */ = {isa = PBXBuildFile; fileRef = 2A504B1F189AB8D1008E3C40 /* PlacesWatchingStreamCell.m */; };
		2A504B26189C4FD6008E3C40 /* BDKNotifyHUD.m in Sources */ = {isa = PBXBuildFile; fileRef = 2A504B25189C4FD6008E3C40 /* BDKNotifyHUD.m */; };
		2A5E3A751889B32C003F4933 /* ExplorePlacesViewController.m in Sources */ = {isa = PBXBuildFile; fileRef = 2A5E3A741889B32C003F4933 /* ExplorePlacesViewController.m */; };
		2A5E3A781889BD1E003F4933 /* ExplorePlacesCell.m in Sources */ = {isa = PBXBuildFile; fileRef = 2A5E3A771889BD1E003F4933 /* ExplorePlacesCell.m */; };
		2A74F90C18A567F000889227 /* DACircularProgressView.m in Sources */ = {isa = PBXBuildFile; fileRef = 2A74F90B18A567F000889227 /* DACircularProgressView.m */; };
		2A74F90E18A56C6800889227 /* Images.xcassets in Resources */ = {isa = PBXBuildFile; fileRef = 2A74F90D18A56C6800889227 /* Images.xcassets */; };
		2A7A27C5188D3DED000A2A45 /* UserSettingsViewController.m in Sources */ = {isa = PBXBuildFile; fileRef = 2A7A27C4188D3DED000A2A45 /* UserSettingsViewController.m */; };
		2A7A27C8188D5C0E000A2A45 /* SearchBarCell.m in Sources */ = {isa = PBXBuildFile; fileRef = 2A7A27C7188D5C0E000A2A45 /* SearchBarCell.m */; };
		2AB0FA50187AD276000AB276 /* ICETutorialController.m in Sources */ = {isa = PBXBuildFile; fileRef = 2AB0FA4D187AD276000AB276 /* ICETutorialController.m */; };
		2AB0FA51187AD276000AB276 /* ICETutorialPage.m in Sources */ = {isa = PBXBuildFile; fileRef = 2AB0FA4F187AD276000AB276 /* ICETutorialPage.m */; };
		2AB0FA57187AD3BE000AB276 /* SignUpViewController.m in Sources */ = {isa = PBXBuildFile; fileRef = 2AB0FA56187AD3BE000AB276 /* SignUpViewController.m */; };
		2AB0FA60187AD911000AB276 /* AppHelper.m in Sources */ = {isa = PBXBuildFile; fileRef = 2AB0FA5D187AD911000AB276 /* AppHelper.m */; };
		2AB0FA61187AD911000AB276 /* S3PhotoFetcher.m in Sources */ = {isa = PBXBuildFile; fileRef = 2AB0FA5F187AD911000AB276 /* S3PhotoFetcher.m */; };
		2AB0FA6C187AD96C000AB276 /* Location.m in Sources */ = {isa = PBXBuildFile; fileRef = 2AB0FA62187AD96C000AB276 /* Location.m */; };
		2AB0FA6D187AD96C000AB276 /* Spot.m in Sources */ = {isa = PBXBuildFile; fileRef = 2AB0FA64187AD96C000AB276 /* Spot.m */; };
		2AB0FA6E187AD96C000AB276 /* User.m in Sources */ = {isa = PBXBuildFile; fileRef = 2AB0FA66187AD96C000AB276 /* User.m */; };
		2AB0FA6F187AD96C000AB276 /* Photo.m in Sources */ = {isa = PBXBuildFile; fileRef = 2AB0FA68187AD96C000AB276 /* Photo.m */; };
		2AB0FA70187AD96C000AB276 /* Privacy.m in Sources */ = {isa = PBXBuildFile; fileRef = 2AB0FA6A187AD96C000AB276 /* Privacy.m */; };
		2AB0FA76187AD9EE000AB276 /* LifespotsAPIClient.m in Sources */ = {isa = PBXBuildFile; fileRef = 2AB0FA73187AD9EE000AB276 /* LifespotsAPIClient.m */; };
		2AB0FA77187AD9EE000AB276 /* LSPushProviderAPIClient.m in Sources */ = {isa = PBXBuildFile; fileRef = 2AB0FA75187AD9EE000AB276 /* LSPushProviderAPIClient.m */; };
		2AB0FA7A187B302B000AB276 /* LoginViewController.m in Sources */ = {isa = PBXBuildFile; fileRef = 2AB0FA79187B302B000AB276 /* LoginViewController.m */; };
		2AB0FA7C187C35DD000AB276 /* CoreLocation.framework in Frameworks */ = {isa = PBXBuildFile; fileRef = 2AB0FA7B187C35DD000AB276 /* CoreLocation.framework */; };
		2AB0FA7E187C35E5000AB276 /* Social.framework in Frameworks */ = {isa = PBXBuildFile; fileRef = 2AB0FA7D187C35E5000AB276 /* Social.framework */; };
		2AB0FA80187C35EF000AB276 /* MessageUI.framework in Frameworks */ = {isa = PBXBuildFile; fileRef = 2AB0FA7F187C35EF000AB276 /* MessageUI.framework */; };
		2AB0FA83187C35F8000AB276 /* AddressBook.framework in Frameworks */ = {isa = PBXBuildFile; fileRef = 2AB0FA81187C35F8000AB276 /* AddressBook.framework */; };
		2AB0FA84187C35F8000AB276 /* AddressBookUI.framework in Frameworks */ = {isa = PBXBuildFile; fileRef = 2AB0FA82187C35F8000AB276 /* AddressBookUI.framework */; };
		2AB0FA8A187C372A000AB276 /* FoursquareLocationsViewController.m in Sources */ = {isa = PBXBuildFile; fileRef = 2AB0FA88187C372A000AB276 /* FoursquareLocationsViewController.m */; };
		2AB0FA8D187C39AD000AB276 /* CreateSpotViewController.m in Sources */ = {isa = PBXBuildFile; fileRef = 2AB0FA8C187C39AD000AB276 /* CreateSpotViewController.m */; };
		2AB0FA90187C3DAF000AB276 /* MainStreamViewController.m in Sources */ = {isa = PBXBuildFile; fileRef = 2AB0FA8F187C3DAF000AB276 /* MainStreamViewController.m */; };
		2AB0FA93187D68A1000AB276 /* FoursquareVenueCell.m in Sources */ = {isa = PBXBuildFile; fileRef = 2AB0FA92187D68A1000AB276 /* FoursquareVenueCell.m */; };
		2AB0FA96187F1BD9000AB276 /* PlacesWatchingCell.m in Sources */ = {isa = PBXBuildFile; fileRef = 2AB0FA95187F1BD9000AB276 /* PlacesWatchingCell.m */; };
		2ABA8123188DBC5D00A5E8B7 /* ProfileSpotsHeaderView.m in Sources */ = {isa = PBXBuildFile; fileRef = 2ABA8121188DBC5D00A5E8B7 /* ProfileSpotsHeaderView.m */; };
		2ABA8126188DD99500A5E8B7 /* ProfileSpotCell.m in Sources */ = {isa = PBXBuildFile; fileRef = 2ABA8124188DD99500A5E8B7 /* ProfileSpotCell.m */; };
		2ABA812C188DDF2400A5E8B7 /* PhotosCell.m in Sources */ = {isa = PBXBuildFile; fileRef = 2ABA812B188DDF2400A5E8B7 /* PhotosCell.m */; };
		2ACAE5E518869A530076A665 /* AlbumSettingsViewController.m in Sources */ = {isa = PBXBuildFile; fileRef = 2ACAE5E418869A530076A665 /* AlbumSettingsViewController.m */; };
		2ACAE5E81886F4830076A665 /* AlbumMembersCell.m in Sources */ = {isa = PBXBuildFile; fileRef = 2ACAE5E71886F4830076A665 /* AlbumMembersCell.m */; };
		2ACAE5EB1886F4A00076A665 /* SMSContactsCell.m in Sources */ = {isa = PBXBuildFile; fileRef = 2ACAE5EA1886F4A00076A665 /* SMSContactsCell.m */; };
		2ACAE5EE1886F4B70076A665 /* SubaUsersInviteCell.m in Sources */ = {isa = PBXBuildFile; fileRef = 2ACAE5ED1886F4B70076A665 /* SubaUsersInviteCell.m */; };
		2ACAE5F11886F4C90076A665 /* FacebookUsersCell.m in Sources */ = {isa = PBXBuildFile; fileRef = 2ACAE5F01886F4C90076A665 /* FacebookUsersCell.m */; };
		2ACAE5F4188705E40076A665 /* AlbumMembersViewController.m in Sources */ = {isa = PBXBuildFile; fileRef = 2ACAE5F3188705E40076A665 /* AlbumMembersViewController.m */; };
		2ACAE5F7188705F90076A665 /* InvitesViewController.m in Sources */ = {isa = PBXBuildFile; fileRef = 2ACAE5F6188705F90076A665 /* InvitesViewController.m */; };
		2ACAE5FA18870CF80076A665 /* UserProfileViewController.m in Sources */ = {isa = PBXBuildFile; fileRef = 2ACAE5F918870CF80076A665 /* UserProfileViewController.m */; };
		2ADE846118802BEF001C2515 /* PersonalSpotCell.m in Sources */ = {isa = PBXBuildFile; fileRef = 2ADE846018802BEF001C2515 /* PersonalSpotCell.m */; };
		2ADE846C18819E20001C2515 /* gard_12.jpg in Resources */ = {isa = PBXBuildFile; fileRef = 2ADE846318819E1F001C2515 /* gard_12.jpg */; };
		2ADE846D18819E20001C2515 /* grad_01@2x.jpg in Resources */ = {isa = PBXBuildFile; fileRef = 2ADE846418819E1F001C2515 /* grad_01@2x.jpg */; };
		2ADE846E18819E20001C2515 /* grad_05.jpg in Resources */ = {isa = PBXBuildFile; fileRef = 2ADE846518819E1F001C2515 /* grad_05.jpg */; };
		2ADE846F18819E20001C2515 /* grad_06.jpg in Resources */ = {isa = PBXBuildFile; fileRef = 2ADE846618819E1F001C2515 /* grad_06.jpg */; };
		2ADE847018819E20001C2515 /* grad_07.jpg in Resources */ = {isa = PBXBuildFile; fileRef = 2ADE846718819E1F001C2515 /* grad_07.jpg */; };
		2ADE847118819E20001C2515 /* grad_08.jpg in Resources */ = {isa = PBXBuildFile; fileRef = 2ADE846818819E1F001C2515 /* grad_08.jpg */; };
		2ADE847218819E20001C2515 /* grad_09.jpg in Resources */ = {isa = PBXBuildFile; fileRef = 2ADE846918819E1F001C2515 /* grad_09.jpg */; };
		2ADE847318819E20001C2515 /* grad_13.jpg in Resources */ = {isa = PBXBuildFile; fileRef = 2ADE846A18819E1F001C2515 /* grad_13.jpg */; };
		2ADE847418819E20001C2515 /* grad_14.jpg in Resources */ = {isa = PBXBuildFile; fileRef = 2ADE846B18819E1F001C2515 /* grad_14.jpg */; };
		2ADE847B188237FE001C2515 /* MagazineTeaserView.m in Sources */ = {isa = PBXBuildFile; fileRef = 2ADE8477188237FE001C2515 /* MagazineTeaserView.m */; };
		2ADE847C188237FE001C2515 /* TFScroller.m in Sources */ = {isa = PBXBuildFile; fileRef = 2ADE847A188237FE001C2515 /* TFScroller.m */; };
		2AEBB62A188FC69400EAA879 /* PasswordChangeViewController.m in Sources */ = {isa = PBXBuildFile; fileRef = 2AEBB629188FC69400EAA879 /* PasswordChangeViewController.m */; };
		2AEBB62D188FCA7300EAA879 /* ProfileSettingsViewController.m in Sources */ = {isa = PBXBuildFile; fileRef = 2AEBB62B188FCA7300EAA879 /* ProfileSettingsViewController.m */; };
		2AEBB6301890DC2300EAA879 /* InviteFriendsViewController.m in Sources */ = {isa = PBXBuildFile; fileRef = 2AEBB62F1890DC2300EAA879 /* InviteFriendsViewController.m */; };
		2AEBB6331890FE1600EAA879 /* TermsViewController.m in Sources */ = {isa = PBXBuildFile; fileRef = 2AEBB6321890FE1600EAA879 /* TermsViewController.m */; };
		2AFF59AC189944F100F051A0 /* ActivityViewController.m in Sources */ = {isa = PBXBuildFile; fileRef = 2AFF59AB189944F100F051A0 /* ActivityViewController.m */; };
		8940C5FF18631C5000FD1780 /* AppIcon.png in Resources */ = {isa = PBXBuildFile; fileRef = 8940C5FC18631C5000FD1780 /* AppIcon.png */; };
		8940C60018631C5000FD1780 /* SettingsIcon.png in Resources */ = {isa = PBXBuildFile; fileRef = 8940C5FD18631C5000FD1780 /* SettingsIcon.png */; };
		8940C60118631C5000FD1780 /* Spotlight.png in Resources */ = {isa = PBXBuildFile; fileRef = 8940C5FE18631C5000FD1780 /* Spotlight.png */; };
		8940C60318632BEE00FD1780 /* girl.jpg in Resources */ = {isa = PBXBuildFile; fileRef = 8940C60218632BEE00FD1780 /* girl.jpg */; };
		89E3DC6618604E9D00D193F4 /* Foundation.framework in Frameworks */ = {isa = PBXBuildFile; fileRef = 89E3DC6518604E9D00D193F4 /* Foundation.framework */; };
		89E3DC6818604E9D00D193F4 /* CoreGraphics.framework in Frameworks */ = {isa = PBXBuildFile; fileRef = 89E3DC6718604E9D00D193F4 /* CoreGraphics.framework */; };
		89E3DC6A18604E9D00D193F4 /* UIKit.framework in Frameworks */ = {isa = PBXBuildFile; fileRef = 89E3DC6918604E9D00D193F4 /* UIKit.framework */; };
		89E3DC7018604E9D00D193F4 /* InfoPlist.strings in Resources */ = {isa = PBXBuildFile; fileRef = 89E3DC6E18604E9D00D193F4 /* InfoPlist.strings */; };
		89E3DC7218604E9D00D193F4 /* main.m in Sources */ = {isa = PBXBuildFile; fileRef = 89E3DC7118604E9D00D193F4 /* main.m */; };
		89E3DC7618604E9D00D193F4 /* AppDelegate.m in Sources */ = {isa = PBXBuildFile; fileRef = 89E3DC7518604E9D00D193F4 /* AppDelegate.m */; };
		89E3DC7918604E9D00D193F4 /* Main.storyboard in Resources */ = {isa = PBXBuildFile; fileRef = 89E3DC7718604E9D00D193F4 /* Main.storyboard */; };
		89E3DC7C18604E9D00D193F4 /* ViewController.m in Sources */ = {isa = PBXBuildFile; fileRef = 89E3DC7B18604E9D00D193F4 /* ViewController.m */; };
		89E3DC8518604E9D00D193F4 /* XCTest.framework in Frameworks */ = {isa = PBXBuildFile; fileRef = 89E3DC8418604E9D00D193F4 /* XCTest.framework */; };
		89E3DC8618604E9D00D193F4 /* Foundation.framework in Frameworks */ = {isa = PBXBuildFile; fileRef = 89E3DC6518604E9D00D193F4 /* Foundation.framework */; };
		89E3DC8718604E9D00D193F4 /* UIKit.framework in Frameworks */ = {isa = PBXBuildFile; fileRef = 89E3DC6918604E9D00D193F4 /* UIKit.framework */; };
		89E3DC8F18604E9D00D193F4 /* InfoPlist.strings in Resources */ = {isa = PBXBuildFile; fileRef = 89E3DC8D18604E9D00D193F4 /* InfoPlist.strings */; };
		89E3DC9118604E9D00D193F4 /* LifeSpotTests.m in Sources */ = {isa = PBXBuildFile; fileRef = 89E3DC9018604E9D00D193F4 /* LifeSpotTests.m */; };
		89E3DCBB18604EC500D193F4 /* background-gradient.png in Resources */ = {isa = PBXBuildFile; fileRef = 89E3DCA518604EC500D193F4 /* background-gradient.png */; };
		89E3DCBC18604EC500D193F4 /* background-gradient@2x.png in Resources */ = {isa = PBXBuildFile; fileRef = 89E3DCA618604EC500D193F4 /* background-gradient@2x.png */; };
		89E3DCBD18604EC500D193F4 /* button-background.png in Resources */ = {isa = PBXBuildFile; fileRef = 89E3DCA718604EC500D193F4 /* button-background.png */; };
		89E3DCBE18604EC500D193F4 /* button-background@2x.png in Resources */ = {isa = PBXBuildFile; fileRef = 89E3DCA818604EC500D193F4 /* button-background@2x.png */; };
		89E3DCBF18604EC500D193F4 /* Default-568h@2x.png in Resources */ = {isa = PBXBuildFile; fileRef = 89E3DCA918604EC500D193F4 /* Default-568h@2x.png */; };
		89E3DCC018604EC500D193F4 /* Default.png in Resources */ = {isa = PBXBuildFile; fileRef = 89E3DCAA18604EC500D193F4 /* Default.png */; };
		89E3DCC118604EC500D193F4 /* Default@2x.png in Resources */ = {isa = PBXBuildFile; fileRef = 89E3DCAB18604EC500D193F4 /* Default@2x.png */; };
		89E3DCC218604EC500D193F4 /* tutorial_background_00@2x.jpg in Resources */ = {isa = PBXBuildFile; fileRef = 89E3DCAC18604EC500D193F4 /* tutorial_background_00@2x.jpg */; };
		89E3DCC318604EC500D193F4 /* tutorial_background_01@2x.jpg in Resources */ = {isa = PBXBuildFile; fileRef = 89E3DCAD18604EC500D193F4 /* tutorial_background_01@2x.jpg */; };
		89E3DCC418604EC500D193F4 /* tutorial_background_02@2x.jpg in Resources */ = {isa = PBXBuildFile; fileRef = 89E3DCAE18604EC500D193F4 /* tutorial_background_02@2x.jpg */; };
		89E3DCC518604EC500D193F4 /* tutorial_background_03@2x.jpg in Resources */ = {isa = PBXBuildFile; fileRef = 89E3DCAF18604EC500D193F4 /* tutorial_background_03@2x.jpg */; };
		89E3DCC618604EC500D193F4 /* tutorial_background_04@2x.jpg in Resources */ = {isa = PBXBuildFile; fileRef = 89E3DCB018604EC500D193F4 /* tutorial_background_04@2x.jpg */; };
		89E4544B18609FFB0041FA93 /* 1.png in Resources */ = {isa = PBXBuildFile; fileRef = 89E4544118609FFB0041FA93 /* 1.png */; };
		89E4544C18609FFB0041FA93 /* 1@2x.png in Resources */ = {isa = PBXBuildFile; fileRef = 89E4544218609FFB0041FA93 /* 1@2x.png */; };
		89E4544D18609FFB0041FA93 /* 2.png in Resources */ = {isa = PBXBuildFile; fileRef = 89E4544318609FFB0041FA93 /* 2.png */; };
		89E4544E18609FFB0041FA93 /* 2@2x.png in Resources */ = {isa = PBXBuildFile; fileRef = 89E4544418609FFB0041FA93 /* 2@2x.png */; };
		89E4544F18609FFB0041FA93 /* 3.png in Resources */ = {isa = PBXBuildFile; fileRef = 89E4544518609FFB0041FA93 /* 3.png */; };
		89E4545018609FFB0041FA93 /* 3@2x.png in Resources */ = {isa = PBXBuildFile; fileRef = 89E4544618609FFB0041FA93 /* 3@2x.png */; };
		89E4545118609FFB0041FA93 /* 4.png in Resources */ = {isa = PBXBuildFile; fileRef = 89E4544718609FFB0041FA93 /* 4.png */; };
		89E4545218609FFB0041FA93 /* 4@2x.png in Resources */ = {isa = PBXBuildFile; fileRef = 89E4544818609FFB0041FA93 /* 4@2x.png */; };
		89E4545318609FFB0041FA93 /* 5.png in Resources */ = {isa = PBXBuildFile; fileRef = 89E4544918609FFB0041FA93 /* 5.png */; };
		89E4545418609FFB0041FA93 /* 5@2x.png in Resources */ = {isa = PBXBuildFile; fileRef = 89E4544A18609FFB0041FA93 /* 5@2x.png */; };
		DF1AF4E767D44E498DD799A9 /* libPods.a in Frameworks */ = {isa = PBXBuildFile; fileRef = 811E7F3518D646779B2C69BA /* libPods.a */; };
/* End PBXBuildFile section */

/* Begin PBXContainerItemProxy section */
		89E3DC8818604E9D00D193F4 /* PBXContainerItemProxy */ = {
			isa = PBXContainerItemProxy;
			containerPortal = 89E3DC5A18604E9D00D193F4 /* Project object */;
			proxyType = 1;
			remoteGlobalIDString = 89E3DC6118604E9D00D193F4;
			remoteInfo = LifeSpot;
		};
/* End PBXContainerItemProxy section */

/* Begin PBXFileReference section */
		2A192AEF18AD6F810067A173 /* FacebookSDK.framework */ = {isa = PBXFileReference; lastKnownFileType = wrapper.framework; path = FacebookSDK.framework; sourceTree = "<group>"; };
		2A2BD6C5189E462E00B9F4B5 /* SubaTutorialController.h */ = {isa = PBXFileReference; fileEncoding = 4; lastKnownFileType = sourcecode.c.h; path = SubaTutorialController.h; sourceTree = "<group>"; };
		2A2BD6C6189E462E00B9F4B5 /* SubaTutorialController.m */ = {isa = PBXFileReference; fileEncoding = 4; lastKnownFileType = sourcecode.c.objc; path = SubaTutorialController.m; sourceTree = "<group>"; };
		2A463D671885728E00549C7B /* PhotoStreamViewController.h */ = {isa = PBXFileReference; fileEncoding = 4; lastKnownFileType = sourcecode.c.h; path = PhotoStreamViewController.h; sourceTree = "<group>"; };
		2A463D681885728E00549C7B /* PhotoStreamViewController.m */ = {isa = PBXFileReference; fileEncoding = 4; lastKnownFileType = sourcecode.c.objc; path = PhotoStreamViewController.m; sourceTree = "<group>"; };
		2A463D6A1885777600549C7B /* PhotoStreamCell.h */ = {isa = PBXFileReference; fileEncoding = 4; lastKnownFileType = sourcecode.c.h; path = PhotoStreamCell.h; sourceTree = "<group>"; };
		2A463D6B1885777600549C7B /* PhotoStreamCell.m */ = {isa = PBXFileReference; fileEncoding = 4; lastKnownFileType = sourcecode.c.objc; path = PhotoStreamCell.m; sourceTree = "<group>"; };
		2A504B1B189AB359008E3C40 /* PlacesWatchingViewController.h */ = {isa = PBXFileReference; fileEncoding = 4; lastKnownFileType = sourcecode.c.h; path = PlacesWatchingViewController.h; sourceTree = "<group>"; };
		2A504B1C189AB359008E3C40 /* PlacesWatchingViewController.m */ = {isa = PBXFileReference; fileEncoding = 4; lastKnownFileType = sourcecode.c.objc; path = PlacesWatchingViewController.m; sourceTree = "<group>"; };
		2A504B1E189AB8D1008E3C40 /* PlacesWatchingStreamCell.h */ = {isa = PBXFileReference; fileEncoding = 4; lastKnownFileType = sourcecode.c.h; path = PlacesWatchingStreamCell.h; sourceTree = "<group>"; };
		2A504B1F189AB8D1008E3C40 /* PlacesWatchingStreamCell.m */ = {isa = PBXFileReference; fileEncoding = 4; lastKnownFileType = sourcecode.c.objc; path = PlacesWatchingStreamCell.m; sourceTree = "<group>"; };
		2A504B24189C4FD6008E3C40 /* BDKNotifyHUD.h */ = {isa = PBXFileReference; fileEncoding = 4; lastKnownFileType = sourcecode.c.h; path = BDKNotifyHUD.h; sourceTree = "<group>"; };
		2A504B25189C4FD6008E3C40 /* BDKNotifyHUD.m */ = {isa = PBXFileReference; fileEncoding = 4; lastKnownFileType = sourcecode.c.objc; path = BDKNotifyHUD.m; sourceTree = "<group>"; };
		2A5E3A731889B32C003F4933 /* ExplorePlacesViewController.h */ = {isa = PBXFileReference; fileEncoding = 4; lastKnownFileType = sourcecode.c.h; path = ExplorePlacesViewController.h; sourceTree = "<group>"; };
		2A5E3A741889B32C003F4933 /* ExplorePlacesViewController.m */ = {isa = PBXFileReference; fileEncoding = 4; lastKnownFileType = sourcecode.c.objc; path = ExplorePlacesViewController.m; sourceTree = "<group>"; };
		2A5E3A761889BD1E003F4933 /* ExplorePlacesCell.h */ = {isa = PBXFileReference; fileEncoding = 4; lastKnownFileType = sourcecode.c.h; path = ExplorePlacesCell.h; sourceTree = "<group>"; };
		2A5E3A771889BD1E003F4933 /* ExplorePlacesCell.m */ = {isa = PBXFileReference; fileEncoding = 4; lastKnownFileType = sourcecode.c.objc; path = ExplorePlacesCell.m; sourceTree = "<group>"; };
		2A74F90A18A567F000889227 /* DACircularProgressView.h */ = {isa = PBXFileReference; fileEncoding = 4; lastKnownFileType = sourcecode.c.h; path = DACircularProgressView.h; sourceTree = "<group>"; };
		2A74F90B18A567F000889227 /* DACircularProgressView.m */ = {isa = PBXFileReference; fileEncoding = 4; lastKnownFileType = sourcecode.c.objc; path = DACircularProgressView.m; sourceTree = "<group>"; };
		2A74F90D18A56C6800889227 /* Images.xcassets */ = {isa = PBXFileReference; lastKnownFileType = folder.assetcatalog; path = Images.xcassets; sourceTree = "<group>"; };
		2A7A27C3188D3DED000A2A45 /* UserSettingsViewController.h */ = {isa = PBXFileReference; fileEncoding = 4; lastKnownFileType = sourcecode.c.h; path = UserSettingsViewController.h; sourceTree = "<group>"; };
		2A7A27C4188D3DED000A2A45 /* UserSettingsViewController.m */ = {isa = PBXFileReference; fileEncoding = 4; lastKnownFileType = sourcecode.c.objc; path = UserSettingsViewController.m; sourceTree = "<group>"; };
		2A7A27C6188D5C0E000A2A45 /* SearchBarCell.h */ = {isa = PBXFileReference; fileEncoding = 4; lastKnownFileType = sourcecode.c.h; path = SearchBarCell.h; sourceTree = "<group>"; };
		2A7A27C7188D5C0E000A2A45 /* SearchBarCell.m */ = {isa = PBXFileReference; fileEncoding = 4; lastKnownFileType = sourcecode.c.objc; path = SearchBarCell.m; sourceTree = "<group>"; };
		2AB0FA4C187AD276000AB276 /* ICETutorialController.h */ = {isa = PBXFileReference; fileEncoding = 4; lastKnownFileType = sourcecode.c.h; path = ICETutorialController.h; sourceTree = "<group>"; };
		2AB0FA4D187AD276000AB276 /* ICETutorialController.m */ = {isa = PBXFileReference; fileEncoding = 4; lastKnownFileType = sourcecode.c.objc; path = ICETutorialController.m; sourceTree = "<group>"; };
		2AB0FA4E187AD276000AB276 /* ICETutorialPage.h */ = {isa = PBXFileReference; fileEncoding = 4; lastKnownFileType = sourcecode.c.h; path = ICETutorialPage.h; sourceTree = "<group>"; };
		2AB0FA4F187AD276000AB276 /* ICETutorialPage.m */ = {isa = PBXFileReference; fileEncoding = 4; lastKnownFileType = sourcecode.c.objc; path = ICETutorialPage.m; sourceTree = "<group>"; };
		2AB0FA55187AD3BE000AB276 /* SignUpViewController.h */ = {isa = PBXFileReference; fileEncoding = 4; lastKnownFileType = sourcecode.c.h; path = SignUpViewController.h; sourceTree = "<group>"; };
		2AB0FA56187AD3BE000AB276 /* SignUpViewController.m */ = {isa = PBXFileReference; fileEncoding = 4; lastKnownFileType = sourcecode.c.objc; path = SignUpViewController.m; sourceTree = "<group>"; };
		2AB0FA5B187AD836000AB276 /* LifeSpotsConfig.h */ = {isa = PBXFileReference; fileEncoding = 4; lastKnownFileType = sourcecode.c.h; path = LifeSpotsConfig.h; sourceTree = "<group>"; };
		2AB0FA5C187AD911000AB276 /* AppHelper.h */ = {isa = PBXFileReference; fileEncoding = 4; lastKnownFileType = sourcecode.c.h; path = AppHelper.h; sourceTree = "<group>"; };
		2AB0FA5D187AD911000AB276 /* AppHelper.m */ = {isa = PBXFileReference; fileEncoding = 4; lastKnownFileType = sourcecode.c.objc; path = AppHelper.m; sourceTree = "<group>"; };
		2AB0FA5E187AD911000AB276 /* S3PhotoFetcher.h */ = {isa = PBXFileReference; fileEncoding = 4; lastKnownFileType = sourcecode.c.h; path = S3PhotoFetcher.h; sourceTree = "<group>"; };
		2AB0FA5F187AD911000AB276 /* S3PhotoFetcher.m */ = {isa = PBXFileReference; fileEncoding = 4; lastKnownFileType = sourcecode.c.objc; path = S3PhotoFetcher.m; sourceTree = "<group>"; };
		2AB0FA62187AD96C000AB276 /* Location.m */ = {isa = PBXFileReference; fileEncoding = 4; lastKnownFileType = sourcecode.c.objc; path = Location.m; sourceTree = "<group>"; };
		2AB0FA63187AD96C000AB276 /* Spot.h */ = {isa = PBXFileReference; fileEncoding = 4; lastKnownFileType = sourcecode.c.h; path = Spot.h; sourceTree = "<group>"; };
		2AB0FA64187AD96C000AB276 /* Spot.m */ = {isa = PBXFileReference; fileEncoding = 4; lastKnownFileType = sourcecode.c.objc; path = Spot.m; sourceTree = "<group>"; };
		2AB0FA65187AD96C000AB276 /* User.h */ = {isa = PBXFileReference; fileEncoding = 4; lastKnownFileType = sourcecode.c.h; path = User.h; sourceTree = "<group>"; };
		2AB0FA66187AD96C000AB276 /* User.m */ = {isa = PBXFileReference; fileEncoding = 4; lastKnownFileType = sourcecode.c.objc; path = User.m; sourceTree = "<group>"; };
		2AB0FA67187AD96C000AB276 /* Photo.h */ = {isa = PBXFileReference; fileEncoding = 4; lastKnownFileType = sourcecode.c.h; path = Photo.h; sourceTree = "<group>"; };
		2AB0FA68187AD96C000AB276 /* Photo.m */ = {isa = PBXFileReference; fileEncoding = 4; lastKnownFileType = sourcecode.c.objc; path = Photo.m; sourceTree = "<group>"; };
		2AB0FA69187AD96C000AB276 /* Privacy.h */ = {isa = PBXFileReference; fileEncoding = 4; lastKnownFileType = sourcecode.c.h; path = Privacy.h; sourceTree = "<group>"; };
		2AB0FA6A187AD96C000AB276 /* Privacy.m */ = {isa = PBXFileReference; fileEncoding = 4; lastKnownFileType = sourcecode.c.objc; path = Privacy.m; sourceTree = "<group>"; };
		2AB0FA6B187AD96C000AB276 /* Location.h */ = {isa = PBXFileReference; fileEncoding = 4; lastKnownFileType = sourcecode.c.h; path = Location.h; sourceTree = "<group>"; };
		2AB0FA72187AD9EE000AB276 /* LifespotsAPIClient.h */ = {isa = PBXFileReference; fileEncoding = 4; lastKnownFileType = sourcecode.c.h; path = LifespotsAPIClient.h; sourceTree = "<group>"; };
		2AB0FA73187AD9EE000AB276 /* LifespotsAPIClient.m */ = {isa = PBXFileReference; fileEncoding = 4; lastKnownFileType = sourcecode.c.objc; path = LifespotsAPIClient.m; sourceTree = "<group>"; };
		2AB0FA74187AD9EE000AB276 /* LSPushProviderAPIClient.h */ = {isa = PBXFileReference; fileEncoding = 4; lastKnownFileType = sourcecode.c.h; path = LSPushProviderAPIClient.h; sourceTree = "<group>"; };
		2AB0FA75187AD9EE000AB276 /* LSPushProviderAPIClient.m */ = {isa = PBXFileReference; fileEncoding = 4; lastKnownFileType = sourcecode.c.objc; path = LSPushProviderAPIClient.m; sourceTree = "<group>"; };
		2AB0FA78187B302B000AB276 /* LoginViewController.h */ = {isa = PBXFileReference; fileEncoding = 4; lastKnownFileType = sourcecode.c.h; path = LoginViewController.h; sourceTree = "<group>"; };
		2AB0FA79187B302B000AB276 /* LoginViewController.m */ = {isa = PBXFileReference; fileEncoding = 4; lastKnownFileType = sourcecode.c.objc; path = LoginViewController.m; sourceTree = "<group>"; };
		2AB0FA7B187C35DD000AB276 /* CoreLocation.framework */ = {isa = PBXFileReference; lastKnownFileType = wrapper.framework; name = CoreLocation.framework; path = System/Library/Frameworks/CoreLocation.framework; sourceTree = SDKROOT; };
		2AB0FA7D187C35E5000AB276 /* Social.framework */ = {isa = PBXFileReference; lastKnownFileType = wrapper.framework; name = Social.framework; path = System/Library/Frameworks/Social.framework; sourceTree = SDKROOT; };
		2AB0FA7F187C35EF000AB276 /* MessageUI.framework */ = {isa = PBXFileReference; lastKnownFileType = wrapper.framework; name = MessageUI.framework; path = System/Library/Frameworks/MessageUI.framework; sourceTree = SDKROOT; };
		2AB0FA81187C35F8000AB276 /* AddressBook.framework */ = {isa = PBXFileReference; lastKnownFileType = wrapper.framework; name = AddressBook.framework; path = System/Library/Frameworks/AddressBook.framework; sourceTree = SDKROOT; };
		2AB0FA82187C35F8000AB276 /* AddressBookUI.framework */ = {isa = PBXFileReference; lastKnownFileType = wrapper.framework; name = AddressBookUI.framework; path = System/Library/Frameworks/AddressBookUI.framework; sourceTree = SDKROOT; };
		2AB0FA88187C372A000AB276 /* FoursquareLocationsViewController.m */ = {isa = PBXFileReference; fileEncoding = 4; lastKnownFileType = sourcecode.c.objc; path = FoursquareLocationsViewController.m; sourceTree = "<group>"; };
		2AB0FA89187C372A000AB276 /* FoursquareLocationsViewController.h */ = {isa = PBXFileReference; fileEncoding = 4; lastKnownFileType = sourcecode.c.h; path = FoursquareLocationsViewController.h; sourceTree = "<group>"; };
		2AB0FA8B187C39AD000AB276 /* CreateSpotViewController.h */ = {isa = PBXFileReference; fileEncoding = 4; lastKnownFileType = sourcecode.c.h; path = CreateSpotViewController.h; sourceTree = "<group>"; };
		2AB0FA8C187C39AD000AB276 /* CreateSpotViewController.m */ = {isa = PBXFileReference; fileEncoding = 4; lastKnownFileType = sourcecode.c.objc; path = CreateSpotViewController.m; sourceTree = "<group>"; };
		2AB0FA8E187C3DAF000AB276 /* MainStreamViewController.h */ = {isa = PBXFileReference; fileEncoding = 4; lastKnownFileType = sourcecode.c.h; path = MainStreamViewController.h; sourceTree = "<group>"; };
		2AB0FA8F187C3DAF000AB276 /* MainStreamViewController.m */ = {isa = PBXFileReference; fileEncoding = 4; lastKnownFileType = sourcecode.c.objc; path = MainStreamViewController.m; sourceTree = "<group>"; };
		2AB0FA91187D68A1000AB276 /* FoursquareVenueCell.h */ = {isa = PBXFileReference; fileEncoding = 4; lastKnownFileType = sourcecode.c.h; path = FoursquareVenueCell.h; sourceTree = "<group>"; };
		2AB0FA92187D68A1000AB276 /* FoursquareVenueCell.m */ = {isa = PBXFileReference; fileEncoding = 4; lastKnownFileType = sourcecode.c.objc; path = FoursquareVenueCell.m; sourceTree = "<group>"; };
		2AB0FA94187F1BD9000AB276 /* PlacesWatchingCell.h */ = {isa = PBXFileReference; fileEncoding = 4; lastKnownFileType = sourcecode.c.h; path = PlacesWatchingCell.h; sourceTree = "<group>"; };
		2AB0FA95187F1BD9000AB276 /* PlacesWatchingCell.m */ = {isa = PBXFileReference; fileEncoding = 4; lastKnownFileType = sourcecode.c.objc; path = PlacesWatchingCell.m; sourceTree = "<group>"; };
		2ABA8121188DBC5D00A5E8B7 /* ProfileSpotsHeaderView.m */ = {isa = PBXFileReference; fileEncoding = 4; lastKnownFileType = sourcecode.c.objc; path = ProfileSpotsHeaderView.m; sourceTree = "<group>"; };
		2ABA8122188DBC5D00A5E8B7 /* ProfileSpotsHeaderView.h */ = {isa = PBXFileReference; fileEncoding = 4; lastKnownFileType = sourcecode.c.h; path = ProfileSpotsHeaderView.h; sourceTree = "<group>"; };
		2ABA8124188DD99500A5E8B7 /* ProfileSpotCell.m */ = {isa = PBXFileReference; fileEncoding = 4; lastKnownFileType = sourcecode.c.objc; path = ProfileSpotCell.m; sourceTree = "<group>"; };
		2ABA8125188DD99500A5E8B7 /* ProfileSpotCell.h */ = {isa = PBXFileReference; fileEncoding = 4; lastKnownFileType = sourcecode.c.h; path = ProfileSpotCell.h; sourceTree = "<group>"; };
		2ABA812A188DDF2400A5E8B7 /* PhotosCell.h */ = {isa = PBXFileReference; fileEncoding = 4; lastKnownFileType = sourcecode.c.h; path = PhotosCell.h; sourceTree = "<group>"; };
		2ABA812B188DDF2400A5E8B7 /* PhotosCell.m */ = {isa = PBXFileReference; fileEncoding = 4; lastKnownFileType = sourcecode.c.objc; path = PhotosCell.m; sourceTree = "<group>"; };
		2ACAE5E318869A530076A665 /* AlbumSettingsViewController.h */ = {isa = PBXFileReference; fileEncoding = 4; lastKnownFileType = sourcecode.c.h; path = AlbumSettingsViewController.h; sourceTree = "<group>"; };
		2ACAE5E418869A530076A665 /* AlbumSettingsViewController.m */ = {isa = PBXFileReference; fileEncoding = 4; lastKnownFileType = sourcecode.c.objc; path = AlbumSettingsViewController.m; sourceTree = "<group>"; };
		2ACAE5E61886F4830076A665 /* AlbumMembersCell.h */ = {isa = PBXFileReference; fileEncoding = 4; lastKnownFileType = sourcecode.c.h; path = AlbumMembersCell.h; sourceTree = "<group>"; };
		2ACAE5E71886F4830076A665 /* AlbumMembersCell.m */ = {isa = PBXFileReference; fileEncoding = 4; lastKnownFileType = sourcecode.c.objc; path = AlbumMembersCell.m; sourceTree = "<group>"; };
		2ACAE5E91886F4A00076A665 /* SMSContactsCell.h */ = {isa = PBXFileReference; fileEncoding = 4; lastKnownFileType = sourcecode.c.h; path = SMSContactsCell.h; sourceTree = "<group>"; };
		2ACAE5EA1886F4A00076A665 /* SMSContactsCell.m */ = {isa = PBXFileReference; fileEncoding = 4; lastKnownFileType = sourcecode.c.objc; path = SMSContactsCell.m; sourceTree = "<group>"; };
		2ACAE5EC1886F4B70076A665 /* SubaUsersInviteCell.h */ = {isa = PBXFileReference; fileEncoding = 4; lastKnownFileType = sourcecode.c.h; path = SubaUsersInviteCell.h; sourceTree = "<group>"; };
		2ACAE5ED1886F4B70076A665 /* SubaUsersInviteCell.m */ = {isa = PBXFileReference; fileEncoding = 4; lastKnownFileType = sourcecode.c.objc; path = SubaUsersInviteCell.m; sourceTree = "<group>"; };
		2ACAE5EF1886F4C90076A665 /* FacebookUsersCell.h */ = {isa = PBXFileReference; fileEncoding = 4; lastKnownFileType = sourcecode.c.h; path = FacebookUsersCell.h; sourceTree = "<group>"; };
		2ACAE5F01886F4C90076A665 /* FacebookUsersCell.m */ = {isa = PBXFileReference; fileEncoding = 4; lastKnownFileType = sourcecode.c.objc; path = FacebookUsersCell.m; sourceTree = "<group>"; };
		2ACAE5F2188705E40076A665 /* AlbumMembersViewController.h */ = {isa = PBXFileReference; fileEncoding = 4; lastKnownFileType = sourcecode.c.h; path = AlbumMembersViewController.h; sourceTree = "<group>"; };
		2ACAE5F3188705E40076A665 /* AlbumMembersViewController.m */ = {isa = PBXFileReference; fileEncoding = 4; lastKnownFileType = sourcecode.c.objc; path = AlbumMembersViewController.m; sourceTree = "<group>"; };
		2ACAE5F5188705F90076A665 /* InvitesViewController.h */ = {isa = PBXFileReference; fileEncoding = 4; lastKnownFileType = sourcecode.c.h; path = InvitesViewController.h; sourceTree = "<group>"; };
		2ACAE5F6188705F90076A665 /* InvitesViewController.m */ = {isa = PBXFileReference; fileEncoding = 4; lastKnownFileType = sourcecode.c.objc; path = InvitesViewController.m; sourceTree = "<group>"; };
		2ACAE5F818870CF80076A665 /* UserProfileViewController.h */ = {isa = PBXFileReference; fileEncoding = 4; lastKnownFileType = sourcecode.c.h; path = UserProfileViewController.h; sourceTree = "<group>"; };
		2ACAE5F918870CF80076A665 /* UserProfileViewController.m */ = {isa = PBXFileReference; fileEncoding = 4; lastKnownFileType = sourcecode.c.objc; path = UserProfileViewController.m; sourceTree = "<group>"; };
		2ADE845F18802BEF001C2515 /* PersonalSpotCell.h */ = {isa = PBXFileReference; fileEncoding = 4; lastKnownFileType = sourcecode.c.h; path = PersonalSpotCell.h; sourceTree = "<group>"; };
		2ADE846018802BEF001C2515 /* PersonalSpotCell.m */ = {isa = PBXFileReference; fileEncoding = 4; lastKnownFileType = sourcecode.c.objc; path = PersonalSpotCell.m; sourceTree = "<group>"; };
		2ADE846318819E1F001C2515 /* gard_12.jpg */ = {isa = PBXFileReference; lastKnownFileType = image.jpeg; path = gard_12.jpg; sourceTree = "<group>"; };
		2ADE846418819E1F001C2515 /* grad_01@2x.jpg */ = {isa = PBXFileReference; lastKnownFileType = image.jpeg; path = "grad_01@2x.jpg"; sourceTree = "<group>"; };
		2ADE846518819E1F001C2515 /* grad_05.jpg */ = {isa = PBXFileReference; lastKnownFileType = image.jpeg; path = grad_05.jpg; sourceTree = "<group>"; };
		2ADE846618819E1F001C2515 /* grad_06.jpg */ = {isa = PBXFileReference; lastKnownFileType = image.jpeg; path = grad_06.jpg; sourceTree = "<group>"; };
		2ADE846718819E1F001C2515 /* grad_07.jpg */ = {isa = PBXFileReference; lastKnownFileType = image.jpeg; path = grad_07.jpg; sourceTree = "<group>"; };
		2ADE846818819E1F001C2515 /* grad_08.jpg */ = {isa = PBXFileReference; lastKnownFileType = image.jpeg; path = grad_08.jpg; sourceTree = "<group>"; };
		2ADE846918819E1F001C2515 /* grad_09.jpg */ = {isa = PBXFileReference; lastKnownFileType = image.jpeg; path = grad_09.jpg; sourceTree = "<group>"; };
		2ADE846A18819E1F001C2515 /* grad_13.jpg */ = {isa = PBXFileReference; lastKnownFileType = image.jpeg; path = grad_13.jpg; sourceTree = "<group>"; };
		2ADE846B18819E1F001C2515 /* grad_14.jpg */ = {isa = PBXFileReference; lastKnownFileType = image.jpeg; path = grad_14.jpg; sourceTree = "<group>"; };
		2ADE8476188237FE001C2515 /* MagazineTeaserView.h */ = {isa = PBXFileReference; fileEncoding = 4; lastKnownFileType = sourcecode.c.h; path = MagazineTeaserView.h; sourceTree = "<group>"; };
		2ADE8477188237FE001C2515 /* MagazineTeaserView.m */ = {isa = PBXFileReference; fileEncoding = 4; lastKnownFileType = sourcecode.c.objc; path = MagazineTeaserView.m; sourceTree = "<group>"; };
		2ADE8479188237FE001C2515 /* TFScroller.h */ = {isa = PBXFileReference; fileEncoding = 4; lastKnownFileType = sourcecode.c.h; path = TFScroller.h; sourceTree = "<group>"; };
		2ADE847A188237FE001C2515 /* TFScroller.m */ = {isa = PBXFileReference; fileEncoding = 4; lastKnownFileType = sourcecode.c.objc; path = TFScroller.m; sourceTree = "<group>"; };
		2AEBB628188FC69400EAA879 /* PasswordChangeViewController.h */ = {isa = PBXFileReference; fileEncoding = 4; lastKnownFileType = sourcecode.c.h; path = PasswordChangeViewController.h; sourceTree = "<group>"; };
		2AEBB629188FC69400EAA879 /* PasswordChangeViewController.m */ = {isa = PBXFileReference; fileEncoding = 4; lastKnownFileType = sourcecode.c.objc; path = PasswordChangeViewController.m; sourceTree = "<group>"; };
		2AEBB62B188FCA7300EAA879 /* ProfileSettingsViewController.m */ = {isa = PBXFileReference; fileEncoding = 4; lastKnownFileType = sourcecode.c.objc; path = ProfileSettingsViewController.m; sourceTree = "<group>"; };
		2AEBB62C188FCA7300EAA879 /* ProfileSettingsViewController.h */ = {isa = PBXFileReference; fileEncoding = 4; lastKnownFileType = sourcecode.c.h; path = ProfileSettingsViewController.h; sourceTree = "<group>"; };
		2AEBB62E1890DC2300EAA879 /* InviteFriendsViewController.h */ = {isa = PBXFileReference; fileEncoding = 4; lastKnownFileType = sourcecode.c.h; path = InviteFriendsViewController.h; sourceTree = "<group>"; };
		2AEBB62F1890DC2300EAA879 /* InviteFriendsViewController.m */ = {isa = PBXFileReference; fileEncoding = 4; lastKnownFileType = sourcecode.c.objc; path = InviteFriendsViewController.m; sourceTree = "<group>"; };
		2AEBB6311890FE1600EAA879 /* TermsViewController.h */ = {isa = PBXFileReference; fileEncoding = 4; lastKnownFileType = sourcecode.c.h; path = TermsViewController.h; sourceTree = "<group>"; };
		2AEBB6321890FE1600EAA879 /* TermsViewController.m */ = {isa = PBXFileReference; fileEncoding = 4; lastKnownFileType = sourcecode.c.objc; path = TermsViewController.m; sourceTree = "<group>"; };
		2AFF59AA189944F100F051A0 /* ActivityViewController.h */ = {isa = PBXFileReference; fileEncoding = 4; lastKnownFileType = sourcecode.c.h; path = ActivityViewController.h; sourceTree = "<group>"; };
		2AFF59AB189944F100F051A0 /* ActivityViewController.m */ = {isa = PBXFileReference; fileEncoding = 4; lastKnownFileType = sourcecode.c.objc; path = ActivityViewController.m; sourceTree = "<group>"; };
		811E7F3518D646779B2C69BA /* libPods.a */ = {isa = PBXFileReference; explicitFileType = archive.ar; includeInIndex = 0; path = libPods.a; sourceTree = BUILT_PRODUCTS_DIR; };
		8940C5FC18631C5000FD1780 /* AppIcon.png */ = {isa = PBXFileReference; lastKnownFileType = image.png; path = AppIcon.png; sourceTree = "<group>"; };
		8940C5FD18631C5000FD1780 /* SettingsIcon.png */ = {isa = PBXFileReference; lastKnownFileType = image.png; path = SettingsIcon.png; sourceTree = "<group>"; };
		8940C5FE18631C5000FD1780 /* Spotlight.png */ = {isa = PBXFileReference; lastKnownFileType = image.png; path = Spotlight.png; sourceTree = "<group>"; };
		8940C60218632BEE00FD1780 /* girl.jpg */ = {isa = PBXFileReference; lastKnownFileType = image.jpeg; path = girl.jpg; sourceTree = "<group>"; };
		89E3DC6218604E9D00D193F4 /* LifeSpot.app */ = {isa = PBXFileReference; explicitFileType = wrapper.application; includeInIndex = 0; path = LifeSpot.app; sourceTree = BUILT_PRODUCTS_DIR; };
		89E3DC6518604E9D00D193F4 /* Foundation.framework */ = {isa = PBXFileReference; lastKnownFileType = wrapper.framework; name = Foundation.framework; path = System/Library/Frameworks/Foundation.framework; sourceTree = SDKROOT; };
		89E3DC6718604E9D00D193F4 /* CoreGraphics.framework */ = {isa = PBXFileReference; lastKnownFileType = wrapper.framework; name = CoreGraphics.framework; path = System/Library/Frameworks/CoreGraphics.framework; sourceTree = SDKROOT; };
		89E3DC6918604E9D00D193F4 /* UIKit.framework */ = {isa = PBXFileReference; lastKnownFileType = wrapper.framework; name = UIKit.framework; path = System/Library/Frameworks/UIKit.framework; sourceTree = SDKROOT; };
		89E3DC6D18604E9D00D193F4 /* LifeSpot-Info.plist */ = {isa = PBXFileReference; lastKnownFileType = text.plist.xml; path = "LifeSpot-Info.plist"; sourceTree = "<group>"; };
		89E3DC6F18604E9D00D193F4 /* en */ = {isa = PBXFileReference; lastKnownFileType = text.plist.strings; name = en; path = en.lproj/InfoPlist.strings; sourceTree = "<group>"; };
		89E3DC7118604E9D00D193F4 /* main.m */ = {isa = PBXFileReference; lastKnownFileType = sourcecode.c.objc; path = main.m; sourceTree = "<group>"; };
		89E3DC7318604E9D00D193F4 /* LifeSpot-Prefix.pch */ = {isa = PBXFileReference; lastKnownFileType = sourcecode.c.h; path = "LifeSpot-Prefix.pch"; sourceTree = "<group>"; };
		89E3DC7418604E9D00D193F4 /* AppDelegate.h */ = {isa = PBXFileReference; lastKnownFileType = sourcecode.c.h; path = AppDelegate.h; sourceTree = "<group>"; };
		89E3DC7518604E9D00D193F4 /* AppDelegate.m */ = {isa = PBXFileReference; lastKnownFileType = sourcecode.c.objc; path = AppDelegate.m; sourceTree = "<group>"; };
		89E3DC7818604E9D00D193F4 /* Base */ = {isa = PBXFileReference; lastKnownFileType = file.storyboard; name = Base; path = Base.lproj/Main.storyboard; sourceTree = "<group>"; };
		89E3DC7A18604E9D00D193F4 /* ViewController.h */ = {isa = PBXFileReference; lastKnownFileType = sourcecode.c.h; path = ViewController.h; sourceTree = "<group>"; };
		89E3DC7B18604E9D00D193F4 /* ViewController.m */ = {isa = PBXFileReference; lastKnownFileType = sourcecode.c.objc; path = ViewController.m; sourceTree = "<group>"; };
		89E3DC8318604E9D00D193F4 /* LifeSpotTests.xctest */ = {isa = PBXFileReference; explicitFileType = wrapper.cfbundle; includeInIndex = 0; path = LifeSpotTests.xctest; sourceTree = BUILT_PRODUCTS_DIR; };
		89E3DC8418604E9D00D193F4 /* XCTest.framework */ = {isa = PBXFileReference; lastKnownFileType = wrapper.framework; name = XCTest.framework; path = Library/Frameworks/XCTest.framework; sourceTree = DEVELOPER_DIR; };
		89E3DC8C18604E9D00D193F4 /* LifeSpotTests-Info.plist */ = {isa = PBXFileReference; lastKnownFileType = text.plist.xml; path = "LifeSpotTests-Info.plist"; sourceTree = "<group>"; };
		89E3DC8E18604E9D00D193F4 /* en */ = {isa = PBXFileReference; lastKnownFileType = text.plist.strings; name = en; path = en.lproj/InfoPlist.strings; sourceTree = "<group>"; };
		89E3DC9018604E9D00D193F4 /* LifeSpotTests.m */ = {isa = PBXFileReference; lastKnownFileType = sourcecode.c.objc; path = LifeSpotTests.m; sourceTree = "<group>"; };
		89E3DCA518604EC500D193F4 /* background-gradient.png */ = {isa = PBXFileReference; lastKnownFileType = image.png; path = "background-gradient.png"; sourceTree = "<group>"; };
		89E3DCA618604EC500D193F4 /* background-gradient@2x.png */ = {isa = PBXFileReference; lastKnownFileType = image.png; path = "background-gradient@2x.png"; sourceTree = "<group>"; };
		89E3DCA718604EC500D193F4 /* button-background.png */ = {isa = PBXFileReference; lastKnownFileType = image.png; path = "button-background.png"; sourceTree = "<group>"; };
		89E3DCA818604EC500D193F4 /* button-background@2x.png */ = {isa = PBXFileReference; lastKnownFileType = image.png; path = "button-background@2x.png"; sourceTree = "<group>"; };
		89E3DCA918604EC500D193F4 /* Default-568h@2x.png */ = {isa = PBXFileReference; lastKnownFileType = image.png; path = "Default-568h@2x.png"; sourceTree = "<group>"; };
		89E3DCAA18604EC500D193F4 /* Default.png */ = {isa = PBXFileReference; lastKnownFileType = image.png; path = Default.png; sourceTree = "<group>"; };
		89E3DCAB18604EC500D193F4 /* Default@2x.png */ = {isa = PBXFileReference; lastKnownFileType = image.png; path = "Default@2x.png"; sourceTree = "<group>"; };
		89E3DCAC18604EC500D193F4 /* tutorial_background_00@2x.jpg */ = {isa = PBXFileReference; lastKnownFileType = image.jpeg; path = "tutorial_background_00@2x.jpg"; sourceTree = "<group>"; };
		89E3DCAD18604EC500D193F4 /* tutorial_background_01@2x.jpg */ = {isa = PBXFileReference; lastKnownFileType = image.jpeg; path = "tutorial_background_01@2x.jpg"; sourceTree = "<group>"; };
		89E3DCAE18604EC500D193F4 /* tutorial_background_02@2x.jpg */ = {isa = PBXFileReference; lastKnownFileType = image.jpeg; path = "tutorial_background_02@2x.jpg"; sourceTree = "<group>"; };
		89E3DCAF18604EC500D193F4 /* tutorial_background_03@2x.jpg */ = {isa = PBXFileReference; lastKnownFileType = image.jpeg; path = "tutorial_background_03@2x.jpg"; sourceTree = "<group>"; };
		89E3DCB018604EC500D193F4 /* tutorial_background_04@2x.jpg */ = {isa = PBXFileReference; lastKnownFileType = image.jpeg; path = "tutorial_background_04@2x.jpg"; sourceTree = "<group>"; };
		89E4544118609FFB0041FA93 /* 1.png */ = {isa = PBXFileReference; lastKnownFileType = image.png; path = 1.png; sourceTree = "<group>"; };
		89E4544218609FFB0041FA93 /* 1@2x.png */ = {isa = PBXFileReference; lastKnownFileType = image.png; path = "1@2x.png"; sourceTree = "<group>"; };
		89E4544318609FFB0041FA93 /* 2.png */ = {isa = PBXFileReference; lastKnownFileType = image.png; path = 2.png; sourceTree = "<group>"; };
		89E4544418609FFB0041FA93 /* 2@2x.png */ = {isa = PBXFileReference; lastKnownFileType = image.png; path = "2@2x.png"; sourceTree = "<group>"; };
		89E4544518609FFB0041FA93 /* 3.png */ = {isa = PBXFileReference; lastKnownFileType = image.png; path = 3.png; sourceTree = "<group>"; };
		89E4544618609FFB0041FA93 /* 3@2x.png */ = {isa = PBXFileReference; lastKnownFileType = image.png; path = "3@2x.png"; sourceTree = "<group>"; };
		89E4544718609FFB0041FA93 /* 4.png */ = {isa = PBXFileReference; lastKnownFileType = image.png; path = 4.png; sourceTree = "<group>"; };
		89E4544818609FFB0041FA93 /* 4@2x.png */ = {isa = PBXFileReference; lastKnownFileType = image.png; path = "4@2x.png"; sourceTree = "<group>"; };
		89E4544918609FFB0041FA93 /* 5.png */ = {isa = PBXFileReference; lastKnownFileType = image.png; path = 5.png; sourceTree = "<group>"; };
		89E4544A18609FFB0041FA93 /* 5@2x.png */ = {isa = PBXFileReference; lastKnownFileType = image.png; path = "5@2x.png"; sourceTree = "<group>"; };
		F2269B5B7BEA4C949224A70F /* Pods.xcconfig */ = {isa = PBXFileReference; includeInIndex = 1; lastKnownFileType = text.xcconfig; name = Pods.xcconfig; path = Pods/Pods.xcconfig; sourceTree = "<group>"; };
/* End PBXFileReference section */

/* Begin PBXFrameworksBuildPhase section */
		89E3DC5F18604E9D00D193F4 /* Frameworks */ = {
			isa = PBXFrameworksBuildPhase;
			buildActionMask = 2147483647;
			files = (
				2AB0FA83187C35F8000AB276 /* AddressBook.framework in Frameworks */,
				2A192AF018AD6F810067A173 /* FacebookSDK.framework in Frameworks */,
				2AB0FA84187C35F8000AB276 /* AddressBookUI.framework in Frameworks */,
				2AB0FA80187C35EF000AB276 /* MessageUI.framework in Frameworks */,
				2AB0FA7E187C35E5000AB276 /* Social.framework in Frameworks */,
				2AB0FA7C187C35DD000AB276 /* CoreLocation.framework in Frameworks */,
				89E3DC6818604E9D00D193F4 /* CoreGraphics.framework in Frameworks */,
				89E3DC6A18604E9D00D193F4 /* UIKit.framework in Frameworks */,
				89E3DC6618604E9D00D193F4 /* Foundation.framework in Frameworks */,
				DF1AF4E767D44E498DD799A9 /* libPods.a in Frameworks */,
			);
			runOnlyForDeploymentPostprocessing = 0;
		};
		89E3DC8018604E9D00D193F4 /* Frameworks */ = {
			isa = PBXFrameworksBuildPhase;
			buildActionMask = 2147483647;
			files = (
				89E3DC8518604E9D00D193F4 /* XCTest.framework in Frameworks */,
				89E3DC8718604E9D00D193F4 /* UIKit.framework in Frameworks */,
				89E3DC8618604E9D00D193F4 /* Foundation.framework in Frameworks */,
			);
			runOnlyForDeploymentPostprocessing = 0;
		};
/* End PBXFrameworksBuildPhase section */

/* Begin PBXGroup section */
		2A504B27189C4FF3008E3C40 /* BDKNotifyHUD */ = {
			isa = PBXGroup;
			children = (
				2A504B24189C4FD6008E3C40 /* BDKNotifyHUD.h */,
				2A504B25189C4FD6008E3C40 /* BDKNotifyHUD.m */,
			);
			name = BDKNotifyHUD;
			sourceTree = "<group>";
		};
		2A74F90918A567F000889227 /* DACircularProgress */ = {
			isa = PBXGroup;
			children = (
				2A74F90A18A567F000889227 /* DACircularProgressView.h */,
				2A74F90B18A567F000889227 /* DACircularProgressView.m */,
			);
			path = DACircularProgress;
			sourceTree = "<group>";
		};
		2AB0FA4A187AD276000AB276 /* Vendor */ = {
			isa = PBXGroup;
			children = (
				2ADE8475188237FE001C2515 /* MagazineTeaserView */,
				2ADE8478188237FE001C2515 /* TFScroller */,
				2AB0FA4B187AD276000AB276 /* ICETutorial */,
			);
			name = Vendor;
			path = LifeSpot/Vendor;
			sourceTree = "<group>";
		};
		2AB0FA4B187AD276000AB276 /* ICETutorial */ = {
			isa = PBXGroup;
			children = (
				2AB0FA4C187AD276000AB276 /* ICETutorialController.h */,
				2AB0FA4D187AD276000AB276 /* ICETutorialController.m */,
				2AB0FA4E187AD276000AB276 /* ICETutorialPage.h */,
				2AB0FA4F187AD276000AB276 /* ICETutorialPage.m */,
			);
			path = ICETutorial;
			sourceTree = "<group>";
		};
		2AB0FA52187AD286000AB276 /* Controllers */ = {
			isa = PBXGroup;
			children = (
				2AEBB62B188FCA7300EAA879 /* ProfileSettingsViewController.m */,
				2AEBB62C188FCA7300EAA879 /* ProfileSettingsViewController.h */,
				2AEBB628188FC69400EAA879 /* PasswordChangeViewController.h */,
				2AEBB629188FC69400EAA879 /* PasswordChangeViewController.m */,
				2AB0FA88187C372A000AB276 /* FoursquareLocationsViewController.m */,
				2AB0FA89187C372A000AB276 /* FoursquareLocationsViewController.h */,
				2AB0FA55187AD3BE000AB276 /* SignUpViewController.h */,
				2AB0FA56187AD3BE000AB276 /* SignUpViewController.m */,
				2AB0FA78187B302B000AB276 /* LoginViewController.h */,
				2AB0FA79187B302B000AB276 /* LoginViewController.m */,
				2AB0FA8B187C39AD000AB276 /* CreateSpotViewController.h */,
				2AB0FA8C187C39AD000AB276 /* CreateSpotViewController.m */,
				2AB0FA8E187C3DAF000AB276 /* MainStreamViewController.h */,
				2AB0FA8F187C3DAF000AB276 /* MainStreamViewController.m */,
				2A463D671885728E00549C7B /* PhotoStreamViewController.h */,
				2A463D681885728E00549C7B /* PhotoStreamViewController.m */,
				2ACAE5E318869A530076A665 /* AlbumSettingsViewController.h */,
				2ACAE5E418869A530076A665 /* AlbumSettingsViewController.m */,
				2ACAE5F2188705E40076A665 /* AlbumMembersViewController.h */,
				2ACAE5F3188705E40076A665 /* AlbumMembersViewController.m */,
				2ACAE5F5188705F90076A665 /* InvitesViewController.h */,
				2ACAE5F6188705F90076A665 /* InvitesViewController.m */,
				2ACAE5F818870CF80076A665 /* UserProfileViewController.h */,
				2ACAE5F918870CF80076A665 /* UserProfileViewController.m */,
				2A5E3A731889B32C003F4933 /* ExplorePlacesViewController.h */,
				2A5E3A741889B32C003F4933 /* ExplorePlacesViewController.m */,
				2A7A27C3188D3DED000A2A45 /* UserSettingsViewController.h */,
				2A7A27C4188D3DED000A2A45 /* UserSettingsViewController.m */,
				2AEBB62E1890DC2300EAA879 /* InviteFriendsViewController.h */,
				2AEBB62F1890DC2300EAA879 /* InviteFriendsViewController.m */,
				2AEBB6311890FE1600EAA879 /* TermsViewController.h */,
				2AEBB6321890FE1600EAA879 /* TermsViewController.m */,
				2AFF59AA189944F100F051A0 /* ActivityViewController.h */,
				2AFF59AB189944F100F051A0 /* ActivityViewController.m */,
				2A504B1B189AB359008E3C40 /* PlacesWatchingViewController.h */,
				2A504B1C189AB359008E3C40 /* PlacesWatchingViewController.m */,
				2A2BD6C5189E462E00B9F4B5 /* SubaTutorialController.h */,
				2A2BD6C6189E462E00B9F4B5 /* SubaTutorialController.m */,
			);
			path = Controllers;
			sourceTree = "<group>";
		};
		2AB0FA53187AD286000AB276 /* Models */ = {
			isa = PBXGroup;
			children = (
				2AB0FA6B187AD96C000AB276 /* Location.h */,
				2AB0FA62187AD96C000AB276 /* Location.m */,
				2AB0FA63187AD96C000AB276 /* Spot.h */,
				2AB0FA64187AD96C000AB276 /* Spot.m */,
				2AB0FA65187AD96C000AB276 /* User.h */,
				2AB0FA66187AD96C000AB276 /* User.m */,
				2AB0FA67187AD96C000AB276 /* Photo.h */,
				2AB0FA68187AD96C000AB276 /* Photo.m */,
				2AB0FA69187AD96C000AB276 /* Privacy.h */,
				2AB0FA6A187AD96C000AB276 /* Privacy.m */,
			);
			path = Models;
			sourceTree = "<group>";
		};
		2AB0FA54187AD286000AB276 /* CustomViews */ = {
			isa = PBXGroup;
			children = (
				2ABA8124188DD99500A5E8B7 /* ProfileSpotCell.m */,
				2ABA8125188DD99500A5E8B7 /* ProfileSpotCell.h */,
				2ABA8121188DBC5D00A5E8B7 /* ProfileSpotsHeaderView.m */,
				2ABA8122188DBC5D00A5E8B7 /* ProfileSpotsHeaderView.h */,
				2AB0FA91187D68A1000AB276 /* FoursquareVenueCell.h */,
				2AB0FA92187D68A1000AB276 /* FoursquareVenueCell.m */,
				2AB0FA94187F1BD9000AB276 /* PlacesWatchingCell.h */,
				2AB0FA95187F1BD9000AB276 /* PlacesWatchingCell.m */,
				2ADE845F18802BEF001C2515 /* PersonalSpotCell.h */,
				2ADE846018802BEF001C2515 /* PersonalSpotCell.m */,
				2A463D6A1885777600549C7B /* PhotoStreamCell.h */,
				2A463D6B1885777600549C7B /* PhotoStreamCell.m */,
				2ACAE5E61886F4830076A665 /* AlbumMembersCell.h */,
				2ACAE5E71886F4830076A665 /* AlbumMembersCell.m */,
				2ACAE5E91886F4A00076A665 /* SMSContactsCell.h */,
				2ACAE5EA1886F4A00076A665 /* SMSContactsCell.m */,
				2ACAE5EC1886F4B70076A665 /* SubaUsersInviteCell.h */,
				2ACAE5ED1886F4B70076A665 /* SubaUsersInviteCell.m */,
				2ACAE5EF1886F4C90076A665 /* FacebookUsersCell.h */,
				2ACAE5F01886F4C90076A665 /* FacebookUsersCell.m */,
				2A5E3A761889BD1E003F4933 /* ExplorePlacesCell.h */,
				2A5E3A771889BD1E003F4933 /* ExplorePlacesCell.m */,
				2A7A27C6188D5C0E000A2A45 /* SearchBarCell.h */,
				2A7A27C7188D5C0E000A2A45 /* SearchBarCell.m */,
				2ABA812A188DDF2400A5E8B7 /* PhotosCell.h */,
				2ABA812B188DDF2400A5E8B7 /* PhotosCell.m */,
				2A504B1E189AB8D1008E3C40 /* PlacesWatchingStreamCell.h */,
				2A504B1F189AB8D1008E3C40 /* PlacesWatchingStreamCell.m */,
			);
			path = CustomViews;
			sourceTree = "<group>";
		};
		2AB0FA5A187AD7FE000AB276 /* AppHelper */ = {
			isa = PBXGroup;
			children = (
				2A74F90918A567F000889227 /* DACircularProgress */,
				2A504B27189C4FF3008E3C40 /* BDKNotifyHUD */,
				2AB0FA71187AD9EE000AB276 /* Networking Extensions */,
				2AB0FA5C187AD911000AB276 /* AppHelper.h */,
				2AB0FA5D187AD911000AB276 /* AppHelper.m */,
				2AB0FA5E187AD911000AB276 /* S3PhotoFetcher.h */,
				2AB0FA5F187AD911000AB276 /* S3PhotoFetcher.m */,
				2AB0FA5B187AD836000AB276 /* LifeSpotsConfig.h */,
			);
			path = AppHelper;
			sourceTree = "<group>";
		};
		2AB0FA71187AD9EE000AB276 /* Networking Extensions */ = {
			isa = PBXGroup;
			children = (
				2AB0FA72187AD9EE000AB276 /* LifespotsAPIClient.h */,
				2AB0FA73187AD9EE000AB276 /* LifespotsAPIClient.m */,
				2AB0FA74187AD9EE000AB276 /* LSPushProviderAPIClient.h */,
				2AB0FA75187AD9EE000AB276 /* LSPushProviderAPIClient.m */,
			);
			path = "Networking Extensions";
			sourceTree = "<group>";
		};
		2ADE846218819E1F001C2515 /* Graduation */ = {
			isa = PBXGroup;
			children = (
				2ADE846318819E1F001C2515 /* gard_12.jpg */,
				2ADE846418819E1F001C2515 /* grad_01@2x.jpg */,
				2ADE846518819E1F001C2515 /* grad_05.jpg */,
				2ADE846618819E1F001C2515 /* grad_06.jpg */,
				2ADE846718819E1F001C2515 /* grad_07.jpg */,
				2ADE846818819E1F001C2515 /* grad_08.jpg */,
				2ADE846918819E1F001C2515 /* grad_09.jpg */,
				2ADE846A18819E1F001C2515 /* grad_13.jpg */,
				2ADE846B18819E1F001C2515 /* grad_14.jpg */,
			);
			name = Graduation;
			path = Resources/Graduation;
			sourceTree = "<group>";
		};
		2ADE8475188237FE001C2515 /* MagazineTeaserView */ = {
			isa = PBXGroup;
			children = (
				2ADE8476188237FE001C2515 /* MagazineTeaserView.h */,
				2ADE8477188237FE001C2515 /* MagazineTeaserView.m */,
			);
			path = MagazineTeaserView;
			sourceTree = "<group>";
		};
		2ADE8478188237FE001C2515 /* TFScroller */ = {
			isa = PBXGroup;
			children = (
				2ADE8479188237FE001C2515 /* TFScroller.h */,
				2ADE847A188237FE001C2515 /* TFScroller.m */,
			);
			path = TFScroller;
			sourceTree = "<group>";
		};
		89E3DC5918604E9D00D193F4 = {
			isa = PBXGroup;
			children = (
				89E3DC6B18604E9D00D193F4 /* LifeSpot */,
				2A74F90D18A56C6800889227 /* Images.xcassets */,
				2AB0FA4A187AD276000AB276 /* Vendor */,
				89E3DC8A18604E9D00D193F4 /* LifeSpotTests */,
				89E3DC6418604E9D00D193F4 /* Frameworks */,
				89E3DC6318604E9D00D193F4 /* Products */,
				F2269B5B7BEA4C949224A70F /* Pods.xcconfig */,
			);
			sourceTree = "<group>";
		};
		89E3DC6318604E9D00D193F4 /* Products */ = {
			isa = PBXGroup;
			children = (
				89E3DC6218604E9D00D193F4 /* LifeSpot.app */,
				89E3DC8318604E9D00D193F4 /* LifeSpotTests.xctest */,
			);
			name = Products;
			sourceTree = "<group>";
		};
		89E3DC6418604E9D00D193F4 /* Frameworks */ = {
			isa = PBXGroup;
			children = (
				2A192AEF18AD6F810067A173 /* FacebookSDK.framework */,
				2AB0FA81187C35F8000AB276 /* AddressBook.framework */,
				2AB0FA82187C35F8000AB276 /* AddressBookUI.framework */,
				2AB0FA7F187C35EF000AB276 /* MessageUI.framework */,
				2AB0FA7D187C35E5000AB276 /* Social.framework */,
				2AB0FA7B187C35DD000AB276 /* CoreLocation.framework */,
				89E3DC6518604E9D00D193F4 /* Foundation.framework */,
				89E3DC6718604E9D00D193F4 /* CoreGraphics.framework */,
				89E3DC6918604E9D00D193F4 /* UIKit.framework */,
				89E3DC8418604E9D00D193F4 /* XCTest.framework */,
				811E7F3518D646779B2C69BA /* libPods.a */,
			);
			name = Frameworks;
			sourceTree = "<group>";
		};
		89E3DC6B18604E9D00D193F4 /* LifeSpot */ = {
			isa = PBXGroup;
			children = (
				2AB0FA5A187AD7FE000AB276 /* AppHelper */,
				2AB0FA52187AD286000AB276 /* Controllers */,
				2AB0FA53187AD286000AB276 /* Models */,
				2AB0FA54187AD286000AB276 /* CustomViews */,
				89E3DC7A18604E9D00D193F4 /* ViewController.h */,
				89E3DC7B18604E9D00D193F4 /* ViewController.m */,
				89E3DC6C18604E9D00D193F4 /* Supporting Files */,
			);
			path = LifeSpot;
			sourceTree = "<group>";
		};
		89E3DC6C18604E9D00D193F4 /* Supporting Files */ = {
			isa = PBXGroup;
			children = (
				89E3DC7418604E9D00D193F4 /* AppDelegate.h */,
				89E3DC7518604E9D00D193F4 /* AppDelegate.m */,
				89E3DC7718604E9D00D193F4 /* Main.storyboard */,
				2ADE846218819E1F001C2515 /* Graduation */,
				89E3DC9A18604EC500D193F4 /* Resources */,
				89E3DC6D18604E9D00D193F4 /* LifeSpot-Info.plist */,
				89E3DC6E18604E9D00D193F4 /* InfoPlist.strings */,
				89E3DC7118604E9D00D193F4 /* main.m */,
				89E3DC7318604E9D00D193F4 /* LifeSpot-Prefix.pch */,
			);
			name = "Supporting Files";
			sourceTree = "<group>";
		};
		89E3DC8A18604E9D00D193F4 /* LifeSpotTests */ = {
			isa = PBXGroup;
			children = (
				89E3DC9018604E9D00D193F4 /* LifeSpotTests.m */,
				89E3DC8B18604E9D00D193F4 /* Supporting Files */,
			);
			path = LifeSpotTests;
			sourceTree = "<group>";
		};
		89E3DC8B18604E9D00D193F4 /* Supporting Files */ = {
			isa = PBXGroup;
			children = (
				89E3DC8C18604E9D00D193F4 /* LifeSpotTests-Info.plist */,
				89E3DC8D18604E9D00D193F4 /* InfoPlist.strings */,
			);
			name = "Supporting Files";
			sourceTree = "<group>";
		};
		89E3DC9A18604EC500D193F4 /* Resources */ = {
			isa = PBXGroup;
			children = (
				89E4544118609FFB0041FA93 /* 1.png */,
				89E4544218609FFB0041FA93 /* 1@2x.png */,
				89E4544318609FFB0041FA93 /* 2.png */,
				89E4544418609FFB0041FA93 /* 2@2x.png */,
				89E4544518609FFB0041FA93 /* 3.png */,
				89E4544618609FFB0041FA93 /* 3@2x.png */,
				89E4544718609FFB0041FA93 /* 4.png */,
				89E4544818609FFB0041FA93 /* 4@2x.png */,
				89E4544918609FFB0041FA93 /* 5.png */,
				8940C5FC18631C5000FD1780 /* AppIcon.png */,
				8940C60218632BEE00FD1780 /* girl.jpg */,
				8940C5FD18631C5000FD1780 /* SettingsIcon.png */,
				8940C5FE18631C5000FD1780 /* Spotlight.png */,
				89E4544A18609FFB0041FA93 /* 5@2x.png */,
				89E3DCA518604EC500D193F4 /* background-gradient.png */,
				89E3DCA618604EC500D193F4 /* background-gradient@2x.png */,
				89E3DCA718604EC500D193F4 /* button-background.png */,
				89E3DCA818604EC500D193F4 /* button-background@2x.png */,
				89E3DCA918604EC500D193F4 /* Default-568h@2x.png */,
				89E3DCAA18604EC500D193F4 /* Default.png */,
				89E3DCAB18604EC500D193F4 /* Default@2x.png */,
				89E3DCAC18604EC500D193F4 /* tutorial_background_00@2x.jpg */,
				89E3DCAD18604EC500D193F4 /* tutorial_background_01@2x.jpg */,
				89E3DCAE18604EC500D193F4 /* tutorial_background_02@2x.jpg */,
				89E3DCAF18604EC500D193F4 /* tutorial_background_03@2x.jpg */,
				89E3DCB018604EC500D193F4 /* tutorial_background_04@2x.jpg */,
			);
			path = Resources;
			sourceTree = "<group>";
		};
/* End PBXGroup section */

/* Begin PBXNativeTarget section */
		89E3DC6118604E9D00D193F4 /* LifeSpot */ = {
			isa = PBXNativeTarget;
			buildConfigurationList = 89E3DC9418604E9D00D193F4 /* Build configuration list for PBXNativeTarget "LifeSpot" */;
			buildPhases = (
				D4826717552C4E2C8251C2A8 /* Check Pods Manifest.lock */,
				89E3DC5E18604E9D00D193F4 /* Sources */,
				89E3DC5F18604E9D00D193F4 /* Frameworks */,
				89E3DC6018604E9D00D193F4 /* Resources */,
				6AA31A82346A4372B698F412 /* Copy Pods Resources */,
			);
			buildRules = (
			);
			dependencies = (
			);
			name = LifeSpot;
			productName = LifeSpot;
			productReference = 89E3DC6218604E9D00D193F4 /* LifeSpot.app */;
			productType = "com.apple.product-type.application";
		};
		89E3DC8218604E9D00D193F4 /* LifeSpotTests */ = {
			isa = PBXNativeTarget;
			buildConfigurationList = 89E3DC9718604E9D00D193F4 /* Build configuration list for PBXNativeTarget "LifeSpotTests" */;
			buildPhases = (
				89E3DC7F18604E9D00D193F4 /* Sources */,
				89E3DC8018604E9D00D193F4 /* Frameworks */,
				89E3DC8118604E9D00D193F4 /* Resources */,
			);
			buildRules = (
			);
			dependencies = (
				89E3DC8918604E9D00D193F4 /* PBXTargetDependency */,
			);
			name = LifeSpotTests;
			productName = LifeSpotTests;
			productReference = 89E3DC8318604E9D00D193F4 /* LifeSpotTests.xctest */;
			productType = "com.apple.product-type.bundle.unit-test";
		};
/* End PBXNativeTarget section */

/* Begin PBXProject section */
		89E3DC5A18604E9D00D193F4 /* Project object */ = {
			isa = PBXProject;
			attributes = {
				LastUpgradeCheck = 0500;
				ORGANIZATIONNAME = "Eric Hackman";
				TargetAttributes = {
					89E3DC6118604E9D00D193F4 = {
						DevelopmentTeam = 7J77VTYC38;
					};
					89E3DC8218604E9D00D193F4 = {
						TestTargetID = 89E3DC6118604E9D00D193F4;
					};
				};
			};
			buildConfigurationList = 89E3DC5D18604E9D00D193F4 /* Build configuration list for PBXProject "LifeSpot" */;
			compatibilityVersion = "Xcode 3.2";
			developmentRegion = English;
			hasScannedForEncodings = 0;
			knownRegions = (
				en,
				Base,
				he,
			);
			mainGroup = 89E3DC5918604E9D00D193F4;
			productRefGroup = 89E3DC6318604E9D00D193F4 /* Products */;
			projectDirPath = "";
			projectRoot = "";
			targets = (
				89E3DC6118604E9D00D193F4 /* LifeSpot */,
				89E3DC8218604E9D00D193F4 /* LifeSpotTests */,
			);
		};
/* End PBXProject section */

/* Begin PBXResourcesBuildPhase section */
		89E3DC6018604E9D00D193F4 /* Resources */ = {
			isa = PBXResourcesBuildPhase;
			buildActionMask = 2147483647;
			files = (
				2ADE847018819E20001C2515 /* grad_07.jpg in Resources */,
				8940C5FF18631C5000FD1780 /* AppIcon.png in Resources */,
				89E4545118609FFB0041FA93 /* 4.png in Resources */,
				2ADE847318819E20001C2515 /* grad_13.jpg in Resources */,
				8940C60118631C5000FD1780 /* Spotlight.png in Resources */,
				89E3DCC418604EC500D193F4 /* tutorial_background_02@2x.jpg in Resources */,
				89E3DCBD18604EC500D193F4 /* button-background.png in Resources */,
				89E3DCBB18604EC500D193F4 /* background-gradient.png in Resources */,
				89E3DCC218604EC500D193F4 /* tutorial_background_00@2x.jpg in Resources */,
				89E3DCC518604EC500D193F4 /* tutorial_background_03@2x.jpg in Resources */,
				89E4545418609FFB0041FA93 /* 5@2x.png in Resources */,
				89E4544D18609FFB0041FA93 /* 2.png in Resources */,
				89E3DCC318604EC500D193F4 /* tutorial_background_01@2x.jpg in Resources */,
				2ADE846C18819E20001C2515 /* gard_12.jpg in Resources */,
				89E3DC7018604E9D00D193F4 /* InfoPlist.strings in Resources */,
				2A74F90E18A56C6800889227 /* Images.xcassets in Resources */,
				89E4544C18609FFB0041FA93 /* 1@2x.png in Resources */,
				89E4544E18609FFB0041FA93 /* 2@2x.png in Resources */,
				89E3DCC018604EC500D193F4 /* Default.png in Resources */,
				89E4545018609FFB0041FA93 /* 3@2x.png in Resources */,
				8940C60318632BEE00FD1780 /* girl.jpg in Resources */,
				2ADE847218819E20001C2515 /* grad_09.jpg in Resources */,
				2ADE847418819E20001C2515 /* grad_14.jpg in Resources */,
				8940C60018631C5000FD1780 /* SettingsIcon.png in Resources */,
				89E4544B18609FFB0041FA93 /* 1.png in Resources */,
				2ADE846D18819E20001C2515 /* grad_01@2x.jpg in Resources */,
				89E3DCC118604EC500D193F4 /* Default@2x.png in Resources */,
				89E3DCBF18604EC500D193F4 /* Default-568h@2x.png in Resources */,
				89E4544F18609FFB0041FA93 /* 3.png in Resources */,
				89E3DCBC18604EC500D193F4 /* background-gradient@2x.png in Resources */,
				2ADE846F18819E20001C2515 /* grad_06.jpg in Resources */,
				89E4545218609FFB0041FA93 /* 4@2x.png in Resources */,
				2ADE847118819E20001C2515 /* grad_08.jpg in Resources */,
				89E3DC7918604E9D00D193F4 /* Main.storyboard in Resources */,
				2ADE846E18819E20001C2515 /* grad_05.jpg in Resources */,
				89E4545318609FFB0041FA93 /* 5.png in Resources */,
				89E3DCC618604EC500D193F4 /* tutorial_background_04@2x.jpg in Resources */,
				89E3DCBE18604EC500D193F4 /* button-background@2x.png in Resources */,
			);
			runOnlyForDeploymentPostprocessing = 0;
		};
		89E3DC8118604E9D00D193F4 /* Resources */ = {
			isa = PBXResourcesBuildPhase;
			buildActionMask = 2147483647;
			files = (
				89E3DC8F18604E9D00D193F4 /* InfoPlist.strings in Resources */,
			);
			runOnlyForDeploymentPostprocessing = 0;
		};
/* End PBXResourcesBuildPhase section */

/* Begin PBXShellScriptBuildPhase section */
		6AA31A82346A4372B698F412 /* Copy Pods Resources */ = {
			isa = PBXShellScriptBuildPhase;
			buildActionMask = 2147483647;
			files = (
			);
			inputPaths = (
			);
			name = "Copy Pods Resources";
			outputPaths = (
			);
			runOnlyForDeploymentPostprocessing = 0;
			shellPath = /bin/sh;
			shellScript = "\"${SRCROOT}/Pods/Pods-resources.sh\"\n";
			showEnvVarsInLog = 0;
		};
		D4826717552C4E2C8251C2A8 /* Check Pods Manifest.lock */ = {
			isa = PBXShellScriptBuildPhase;
			buildActionMask = 2147483647;
			files = (
			);
			inputPaths = (
			);
			name = "Check Pods Manifest.lock";
			outputPaths = (
			);
			runOnlyForDeploymentPostprocessing = 0;
			shellPath = /bin/sh;
			shellScript = "diff \"${PODS_ROOT}/../Podfile.lock\" \"${PODS_ROOT}/Manifest.lock\" > /dev/null\nif [[ $? != 0 ]] ; then\n    cat << EOM\nerror: The sandbox is not in sync with the Podfile.lock. Run 'pod install' or update your CocoaPods installation.\nEOM\n    exit 1\nfi\n";
			showEnvVarsInLog = 0;
		};
/* End PBXShellScriptBuildPhase section */

/* Begin PBXSourcesBuildPhase section */
		89E3DC5E18604E9D00D193F4 /* Sources */ = {
			isa = PBXSourcesBuildPhase;
			buildActionMask = 2147483647;
			files = (
				2AEBB6331890FE1600EAA879 /* TermsViewController.m in Sources */,
				2AB0FA96187F1BD9000AB276 /* PlacesWatchingCell.m in Sources */,
				2A5E3A781889BD1E003F4933 /* ExplorePlacesCell.m in Sources */,
				2ACAE5FA18870CF80076A665 /* UserProfileViewController.m in Sources */,
				2A504B26189C4FD6008E3C40 /* BDKNotifyHUD.m in Sources */,
				2A7A27C5188D3DED000A2A45 /* UserSettingsViewController.m in Sources */,
				2ACAE5EB1886F4A00076A665 /* SMSContactsCell.m in Sources */,
				2AB0FA6F187AD96C000AB276 /* Photo.m in Sources */,
				2AB0FA76187AD9EE000AB276 /* LifespotsAPIClient.m in Sources */,
				2AB0FA60187AD911000AB276 /* AppHelper.m in Sources */,
				89E3DC7C18604E9D00D193F4 /* ViewController.m in Sources */,
				2AB0FA93187D68A1000AB276 /* FoursquareVenueCell.m in Sources */,
				2ACAE5F7188705F90076A665 /* InvitesViewController.m in Sources */,
				2ACAE5F11886F4C90076A665 /* FacebookUsersCell.m in Sources */,
				2AB0FA90187C3DAF000AB276 /* MainStreamViewController.m in Sources */,
				2AEBB6301890DC2300EAA879 /* InviteFriendsViewController.m in Sources */,
				2AB0FA8A187C372A000AB276 /* FoursquareLocationsViewController.m in Sources */,
				2A504B1D189AB359008E3C40 /* PlacesWatchingViewController.m in Sources */,
				2ACAE5E518869A530076A665 /* AlbumSettingsViewController.m in Sources */,
				2ACAE5EE1886F4B70076A665 /* SubaUsersInviteCell.m in Sources */,
				2AEBB62A188FC69400EAA879 /* PasswordChangeViewController.m in Sources */,
				2A463D6C1885777600549C7B /* PhotoStreamCell.m in Sources */,
				2AB0FA77187AD9EE000AB276 /* LSPushProviderAPIClient.m in Sources */,
				2AFF59AC189944F100F051A0 /* ActivityViewController.m in Sources */,
				2A2BD6C7189E462E00B9F4B5 /* SubaTutorialController.m in Sources */,
				2AB0FA70187AD96C000AB276 /* Privacy.m in Sources */,
				89E3DC7618604E9D00D193F4 /* AppDelegate.m in Sources */,
				2ACAE5E81886F4830076A665 /* AlbumMembersCell.m in Sources */,
				2ADE847B188237FE001C2515 /* MagazineTeaserView.m in Sources */,
				2ACAE5F4188705E40076A665 /* AlbumMembersViewController.m in Sources */,
				2A74F90C18A567F000889227 /* DACircularProgressView.m in Sources */,
				2ADE846118802BEF001C2515 /* PersonalSpotCell.m in Sources */,
				2AB0FA57187AD3BE000AB276 /* SignUpViewController.m in Sources */,
				2A504B20189AB8D1008E3C40 /* PlacesWatchingStreamCell.m in Sources */,
				2AEBB62D188FCA7300EAA879 /* ProfileSettingsViewController.m in Sources */,
				2AB0FA7A187B302B000AB276 /* LoginViewController.m in Sources */,
				2ADE847C188237FE001C2515 /* TFScroller.m in Sources */,
				2A7A27C8188D5C0E000A2A45 /* SearchBarCell.m in Sources */,
				2AB0FA6C187AD96C000AB276 /* Location.m in Sources */,
				2AB0FA6D187AD96C000AB276 /* Spot.m in Sources */,
				2AB0FA6E187AD96C000AB276 /* User.m in Sources */,
				2ABA812C188DDF2400A5E8B7 /* PhotosCell.m in Sources */,
				2A5E3A751889B32C003F4933 /* ExplorePlacesViewController.m in Sources */,
				2A463D691885728E00549C7B /* PhotoStreamViewController.m in Sources */,
				2ABA8123188DBC5D00A5E8B7 /* ProfileSpotsHeaderView.m in Sources */,
				2AB0FA61187AD911000AB276 /* S3PhotoFetcher.m in Sources */,
				2ABA8126188DD99500A5E8B7 /* ProfileSpotCell.m in Sources */,
				2AB0FA8D187C39AD000AB276 /* CreateSpotViewController.m in Sources */,
				2AB0FA51187AD276000AB276 /* ICETutorialPage.m in Sources */,
				89E3DC7218604E9D00D193F4 /* main.m in Sources */,
				2AB0FA50187AD276000AB276 /* ICETutorialController.m in Sources */,
			);
			runOnlyForDeploymentPostprocessing = 0;
		};
		89E3DC7F18604E9D00D193F4 /* Sources */ = {
			isa = PBXSourcesBuildPhase;
			buildActionMask = 2147483647;
			files = (
				89E3DC9118604E9D00D193F4 /* LifeSpotTests.m in Sources */,
			);
			runOnlyForDeploymentPostprocessing = 0;
		};
/* End PBXSourcesBuildPhase section */

/* Begin PBXTargetDependency section */
		89E3DC8918604E9D00D193F4 /* PBXTargetDependency */ = {
			isa = PBXTargetDependency;
			target = 89E3DC6118604E9D00D193F4 /* LifeSpot */;
			targetProxy = 89E3DC8818604E9D00D193F4 /* PBXContainerItemProxy */;
		};
/* End PBXTargetDependency section */

/* Begin PBXVariantGroup section */
		89E3DC6E18604E9D00D193F4 /* InfoPlist.strings */ = {
			isa = PBXVariantGroup;
			children = (
				89E3DC6F18604E9D00D193F4 /* en */,
			);
			name = InfoPlist.strings;
			sourceTree = "<group>";
		};
		89E3DC7718604E9D00D193F4 /* Main.storyboard */ = {
			isa = PBXVariantGroup;
			children = (
				89E3DC7818604E9D00D193F4 /* Base */,
			);
			name = Main.storyboard;
			sourceTree = "<group>";
		};
		89E3DC8D18604E9D00D193F4 /* InfoPlist.strings */ = {
			isa = PBXVariantGroup;
			children = (
				89E3DC8E18604E9D00D193F4 /* en */,
			);
			name = InfoPlist.strings;
			sourceTree = "<group>";
		};
/* End PBXVariantGroup section */

/* Begin XCBuildConfiguration section */
		89E3DC9218604E9D00D193F4 /* Debug */ = {
			isa = XCBuildConfiguration;
			buildSettings = {
				ALWAYS_SEARCH_USER_PATHS = NO;
				ARCHS = "$(ARCHS_STANDARD)";
				CLANG_CXX_LANGUAGE_STANDARD = "gnu++0x";
				CLANG_CXX_LIBRARY = "libc++";
				CLANG_ENABLE_MODULES = YES;
				CLANG_ENABLE_OBJC_ARC = YES;
				CLANG_WARN_BOOL_CONVERSION = YES;
				CLANG_WARN_CONSTANT_CONVERSION = YES;
				CLANG_WARN_DIRECT_OBJC_ISA_USAGE = YES_ERROR;
				CLANG_WARN_EMPTY_BODY = YES;
				CLANG_WARN_ENUM_CONVERSION = YES;
				CLANG_WARN_INT_CONVERSION = YES;
				CLANG_WARN_OBJC_ROOT_CLASS = YES_ERROR;
				CLANG_WARN__DUPLICATE_METHOD_MATCH = YES;
				"CODE_SIGN_IDENTITY[sdk=iphoneos*]" = "iPhone Developer";
				COPY_PHASE_STRIP = NO;
				GCC_C_LANGUAGE_STANDARD = gnu99;
				GCC_DYNAMIC_NO_PIC = NO;
				GCC_OPTIMIZATION_LEVEL = 0;
				GCC_PREPROCESSOR_DEFINITIONS = (
					"DEBUG=1",
					"$(inherited)",
				);
				GCC_SYMBOLS_PRIVATE_EXTERN = NO;
				GCC_WARN_64_TO_32_BIT_CONVERSION = YES;
				GCC_WARN_ABOUT_RETURN_TYPE = YES_ERROR;
				GCC_WARN_UNDECLARED_SELECTOR = YES;
				GCC_WARN_UNINITIALIZED_AUTOS = YES;
				GCC_WARN_UNUSED_FUNCTION = YES;
				GCC_WARN_UNUSED_VARIABLE = YES;
				IPHONEOS_DEPLOYMENT_TARGET = 7.0;
				ONLY_ACTIVE_ARCH = YES;
				"OTHER_LDFLAGS[arch=*]" = "-ObjC";
				SDKROOT = iphoneos;
			};
			name = Debug;
		};
		89E3DC9318604E9D00D193F4 /* Release */ = {
			isa = XCBuildConfiguration;
			buildSettings = {
				ALWAYS_SEARCH_USER_PATHS = NO;
				ARCHS = "$(ARCHS_STANDARD)";
				CLANG_CXX_LANGUAGE_STANDARD = "gnu++0x";
				CLANG_CXX_LIBRARY = "libc++";
				CLANG_ENABLE_MODULES = YES;
				CLANG_ENABLE_OBJC_ARC = YES;
				CLANG_WARN_BOOL_CONVERSION = YES;
				CLANG_WARN_CONSTANT_CONVERSION = YES;
				CLANG_WARN_DIRECT_OBJC_ISA_USAGE = YES_ERROR;
				CLANG_WARN_EMPTY_BODY = YES;
				CLANG_WARN_ENUM_CONVERSION = YES;
				CLANG_WARN_INT_CONVERSION = YES;
				CLANG_WARN_OBJC_ROOT_CLASS = YES_ERROR;
				CLANG_WARN__DUPLICATE_METHOD_MATCH = YES;
				"CODE_SIGN_IDENTITY[sdk=iphoneos*]" = "iPhone Developer";
				COPY_PHASE_STRIP = YES;
				ENABLE_NS_ASSERTIONS = NO;
				GCC_C_LANGUAGE_STANDARD = gnu99;
				GCC_WARN_64_TO_32_BIT_CONVERSION = YES;
				GCC_WARN_ABOUT_RETURN_TYPE = YES_ERROR;
				GCC_WARN_UNDECLARED_SELECTOR = YES;
				GCC_WARN_UNINITIALIZED_AUTOS = YES;
				GCC_WARN_UNUSED_FUNCTION = YES;
				GCC_WARN_UNUSED_VARIABLE = YES;
				IPHONEOS_DEPLOYMENT_TARGET = 7.0;
				ONLY_ACTIVE_ARCH = YES;
				"OTHER_LDFLAGS[arch=*]" = "-ObjC";
				SDKROOT = iphoneos;
				VALIDATE_PRODUCT = YES;
			};
			name = Release;
		};
		89E3DC9518604E9D00D193F4 /* Debug */ = {
			isa = XCBuildConfiguration;
			baseConfigurationReference = F2269B5B7BEA4C949224A70F /* Pods.xcconfig */;
			buildSettings = {
				ASSETCATALOG_COMPILER_APPICON_NAME = AppIcon;
				ASSETCATALOG_COMPILER_LAUNCHIMAGE_NAME = LaunchImage;
				CODE_SIGN_IDENTITY = "iPhone Developer";
				"CODE_SIGN_IDENTITY[sdk=iphoneos*]" = "iPhone Developer";
				FRAMEWORK_SEARCH_PATHS = (
					"$(inherited)",
					/Users/kwamenelson/Documents/Tivon/finallifespots,
					"/Users/kwamenelson/Documents/Suba/Fixed\\ Version/Suba-beta/FacebookSDK",
					"/Users/kwamenelson/Documents/Suba/Fixed\\ Version/Suba-beta",
				);
				GCC_PRECOMPILE_PREFIX_HEADER = YES;
				GCC_PREFIX_HEADER = "LifeSpot/LifeSpot-Prefix.pch";
				INFOPLIST_FILE = "LifeSpot/LifeSpot-Info.plist";
				PRODUCT_NAME = "$(TARGET_NAME)";
				PROVISIONING_PROFILE = "";
				WRAPPER_EXTENSION = app;
			};
			name = Debug;
		};
		89E3DC9618604E9D00D193F4 /* Release */ = {
			isa = XCBuildConfiguration;
			baseConfigurationReference = F2269B5B7BEA4C949224A70F /* Pods.xcconfig */;
			buildSettings = {
				ASSETCATALOG_COMPILER_APPICON_NAME = AppIcon;
				ASSETCATALOG_COMPILER_LAUNCHIMAGE_NAME = LaunchImage;
				CODE_SIGN_IDENTITY = "iPhone Developer";
				"CODE_SIGN_IDENTITY[sdk=iphoneos*]" = "iPhone Developer";
				FRAMEWORK_SEARCH_PATHS = (
					"$(inherited)",
					/Users/kwamenelson/Documents/Tivon/finallifespots,
					"/Users/kwamenelson/Documents/Suba/Fixed\\ Version/Suba-beta/FacebookSDK",
					"/Users/kwamenelson/Documents/Suba/Fixed\\ Version/Suba-beta",
				);
				GCC_PRECOMPILE_PREFIX_HEADER = YES;
				GCC_PREFIX_HEADER = "LifeSpot/LifeSpot-Prefix.pch";
				INFOPLIST_FILE = "LifeSpot/LifeSpot-Info.plist";
				PRODUCT_NAME = "$(TARGET_NAME)";
				PROVISIONING_PROFILE = "";
				WRAPPER_EXTENSION = app;
			};
			name = Release;
		};
		89E3DC9818604E9D00D193F4 /* Debug */ = {
			isa = XCBuildConfiguration;
			buildSettings = {
				ARCHS = "$(ARCHS_STANDARD_INCLUDING_64_BIT)";
				BUNDLE_LOADER = "$(BUILT_PRODUCTS_DIR)/LifeSpot.app/LifeSpot";
				FRAMEWORK_SEARCH_PATHS = (
					"$(SDKROOT)/Developer/Library/Frameworks",
					"$(inherited)",
					"$(DEVELOPER_FRAMEWORKS_DIR)",
				);
				GCC_PRECOMPILE_PREFIX_HEADER = YES;
				GCC_PREFIX_HEADER = "LifeSpot/LifeSpot-Prefix.pch";
				GCC_PREPROCESSOR_DEFINITIONS = (
					"DEBUG=1",
					"$(inherited)",
				);
				INFOPLIST_FILE = "LifeSpotTests/LifeSpotTests-Info.plist";
				PRODUCT_NAME = "$(TARGET_NAME)";
				TEST_HOST = "$(BUNDLE_LOADER)";
				WRAPPER_EXTENSION = xctest;
			};
			name = Debug;
		};
		89E3DC9918604E9D00D193F4 /* Release */ = {
			isa = XCBuildConfiguration;
			buildSettings = {
				ARCHS = "$(ARCHS_STANDARD_INCLUDING_64_BIT)";
				BUNDLE_LOADER = "$(BUILT_PRODUCTS_DIR)/LifeSpot.app/LifeSpot";
				FRAMEWORK_SEARCH_PATHS = (
					"$(SDKROOT)/Developer/Library/Frameworks",
					"$(inherited)",
					"$(DEVELOPER_FRAMEWORKS_DIR)",
				);
				GCC_PRECOMPILE_PREFIX_HEADER = YES;
				GCC_PREFIX_HEADER = "LifeSpot/LifeSpot-Prefix.pch";
				INFOPLIST_FILE = "LifeSpotTests/LifeSpotTests-Info.plist";
				PRODUCT_NAME = "$(TARGET_NAME)";
				TEST_HOST = "$(BUNDLE_LOADER)";
				WRAPPER_EXTENSION = xctest;
			};
			name = Release;
		};
/* End XCBuildConfiguration section */

/* Begin XCConfigurationList section */
		89E3DC5D18604E9D00D193F4 /* Build configuration list for PBXProject "LifeSpot" */ = {
			isa = XCConfigurationList;
			buildConfigurations = (
				89E3DC9218604E9D00D193F4 /* Debug */,
				89E3DC9318604E9D00D193F4 /* Release */,
			);
			defaultConfigurationIsVisible = 0;
			defaultConfigurationName = Release;
		};
		89E3DC9418604E9D00D193F4 /* Build configuration list for PBXNativeTarget "LifeSpot" */ = {
			isa = XCConfigurationList;
			buildConfigurations = (
				89E3DC9518604E9D00D193F4 /* Debug */,
				89E3DC9618604E9D00D193F4 /* Release */,
			);
			defaultConfigurationIsVisible = 0;
			defaultConfigurationName = Release;
		};
		89E3DC9718604E9D00D193F4 /* Build configuration list for PBXNativeTarget "LifeSpotTests" */ = {
			isa = XCConfigurationList;
			buildConfigurations = (
				89E3DC9818604E9D00D193F4 /* Debug */,
				89E3DC9918604E9D00D193F4 /* Release */,
			);
			defaultConfigurationIsVisible = 0;
			defaultConfigurationName = Release;
		};
/* End XCConfigurationList section */
	};
	rootObject = 89E3DC5A18604E9D00D193F4 /* Project object */;
}
